{
    "version": 3,
    "terraform_version": "0.12.31",
    "serial": 1,
    "lineage": "63b1c132-95dc-7be1-e639-dbf93c53c863",
    "modules": [
        {
            "path": [
                "root"
            ],
            "outputs": {
                "aws_internet_gateway_tfer--igw-016df6863f9a88eba_id": {
                    "sensitive": false,
                    "type": "string",
                    "value": "igw-016df6863f9a88eba"
                },
                "aws_internet_gateway_tfer--igw-0b521a0fb544c7de2_id": {
                    "sensitive": false,
                    "type": "string",
                    "value": "igw-0b521a0fb544c7de2"
                },
                "aws_internet_gateway_tfer--igw-0b78226c096f831b0_id": {
                    "sensitive": false,
                    "type": "string",
                    "value": "igw-0b78226c096f831b0"
                }
            },
            "resources": {
                "aws_internet_gateway.tfer--igw-016df6863f9a88eba": {
                    "type": "aws_internet_gateway",
                    "depends_on": [],
                    "primary": {
                        "id": "igw-016df6863f9a88eba",
                        "attributes": {
                            "arn": "arn:aws:ec2:ap-south-1:911167914217:internet-gateway/igw-016df6863f9a88eba",
                            "id": "igw-016df6863f9a88eba",
                            "owner_id": "911167914217",
                            "region": "ap-south-1",
                            "tags.%": "1",
                            "tags.Name": "igw-Bation",
                            "tags_all.%": "1",
                            "tags_all.Name": "igw-Bation",
                            "vpc_id": "vpc-0c1fc7a742a040dee"
                        },
                        "meta": {
                            "schema_version": 0
                        },
                        "tainted": false
                    },
                    "deposed": [],
                    "provider": "provider.aws"
                },
                "aws_internet_gateway.tfer--igw-0b521a0fb544c7de2": {
                    "type": "aws_internet_gateway",
                    "depends_on": [],
                    "primary": {
                        "id": "igw-0b521a0fb544c7de2",
                        "attributes": {
                            "arn": "arn:aws:ec2:ap-south-1:911167914217:internet-gateway/igw-0b521a0fb544c7de2",
                            "id": "igw-0b521a0fb544c7de2",
                            "owner_id": "911167914217",
                            "region": "ap-south-1",
                            "tags.%": "0",
                            "tags_all.%": "0",
                            "vpc_id": "vpc-0dea0bee6eb53fc42"
                        },
                        "meta": {
                            "schema_version": 0
                        },
                        "tainted": false
                    },
                    "deposed": [],
                    "provider": "provider.aws"
                },
                "aws_internet_gateway.tfer--igw-0b78226c096f831b0": {
                    "type": "aws_internet_gateway",
                    "depends_on": [],
                    "primary": {
                        "id": "igw-0b78226c096f831b0",
                        "attributes": {
                            "arn": "arn:aws:ec2:ap-south-1:911167914217:internet-gateway/igw-0b78226c096f831b0",
                            "id": "igw-0b78226c096f831b0",
                            "owner_id": "911167914217",
                            "region": "ap-south-1",
                            "tags.%": "1",
                            "tags.Name": "igw-APP",
                            "tags_all.%": "1",
                            "tags_all.Name": "igw-APP",
                            "vpc_id": "vpc-040f940eeea978cf5"
                        },
                        "meta": {
                            "schema_version": 0
                        },
                        "tainted": false
                    },
                    "deposed": [],
                    "provider": "provider.aws"
                }
            },
            "depends_on": []
        }
    ]
}
