{
    "version": 3,
    "terraform_version": "0.12.31",
    "serial": 1,
    "lineage": "600df34b-4bef-5dd4-3eae-2072836c535d",
    "modules": [
        {
            "path": [
                "root"
            ],
            "outputs": {
                "aws_instance_tfer--i-017b8cb78cbab98cb_APP-Frontend2_id": {
                    "sensitive": false,
                    "type": "string",
                    "value": "i-017b8cb78cbab98cb"
                },
                "aws_instance_tfer--i-01fb317aecf8469e7_APP-Backend_id": {
                    "sensitive": false,
                    "type": "string",
                    "value": "i-01fb317aecf8469e7"
                },
                "aws_instance_tfer--i-03fb5b28dc457dfe0_DB_id": {
                    "sensitive": false,
                    "type": "string",
                    "value": "i-03fb5b28dc457dfe0"
                },
                "aws_instance_tfer--i-07d2f411d5ce4c833_server2_id": {
                    "sensitive": false,
                    "type": "string",
                    "value": "i-07d2f411d5ce4c833"
                },
                "aws_instance_tfer--i-09b2834a446f25c5f_APP-Frontend_id": {
                    "sensitive": false,
                    "type": "string",
                    "value": "i-09b2834a446f25c5f"
                },
                "aws_instance_tfer--i-0a02e1f6b18a300c0_APP-Backend2_id": {
                    "sensitive": false,
                    "type": "string",
                    "value": "i-0a02e1f6b18a300c0"
                },
                "aws_instance_tfer--i-0d8deec2f510e4d26_Server-Bastion_id": {
                    "sensitive": false,
                    "type": "string",
                    "value": "i-0d8deec2f510e4d26"
                },
                "aws_instance_tfer--i-0d9165454a5e63bc9_Server1_id": {
                    "sensitive": false,
                    "type": "string",
                    "value": "i-0d9165454a5e63bc9"
                }
            },
            "resources": {
                "aws_instance.tfer--i-017b8cb78cbab98cb_APP-Frontend2": {
                    "type": "aws_instance",
                    "depends_on": [],
                    "primary": {
                        "id": "i-017b8cb78cbab98cb",
                        "attributes": {
                            "ami": "ami-07a00cf47dbbc844c",
                            "arn": "arn:aws:ec2:ap-south-1:911167914217:instance/i-017b8cb78cbab98cb",
                            "associate_public_ip_address": "false",
                            "availability_zone": "ap-south-1b",
                            "capacity_reservation_specification.#": "1",
                            "capacity_reservation_specification.0.capacity_reservation_preference": "open",
                            "capacity_reservation_specification.0.capacity_reservation_target.#": "0",
                            "cpu_options.#": "1",
                            "cpu_options.0.amd_sev_snp": "",
                            "cpu_options.0.core_count": "1",
                            "cpu_options.0.nested_virtualization": "",
                            "cpu_options.0.threads_per_core": "2",
                            "credit_specification.#": "1",
                            "credit_specification.0.cpu_credits": "unlimited",
                            "disable_api_stop": "false",
                            "disable_api_termination": "false",
                            "ebs_block_device.#": "0",
                            "ebs_optimized": "true",
                            "enclave_options.#": "1",
                            "enclave_options.0.enabled": "false",
                            "ephemeral_block_device.#": "0",
                            "get_password_data": "false",
                            "hibernation": "false",
                            "host_id": "",
                            "iam_instance_profile": "",
                            "id": "i-017b8cb78cbab98cb",
                            "instance_initiated_shutdown_behavior": "stop",
                            "instance_lifecycle": "",
                            "instance_market_options.#": "0",
                            "instance_state": "stopped",
                            "instance_type": "t3.small",
                            "ipv6_address_count": "0",
                            "ipv6_addresses.#": "0",
                            "key_name": "APP",
                            "launch_template.#": "0",
                            "maintenance_options.#": "1",
                            "maintenance_options.0.auto_recovery": "default",
                            "metadata_options.#": "1",
                            "metadata_options.0.http_endpoint": "enabled",
                            "metadata_options.0.http_protocol_ipv6": "disabled",
                            "metadata_options.0.http_put_response_hop_limit": "2",
                            "metadata_options.0.http_tokens": "required",
                            "metadata_options.0.instance_metadata_tags": "disabled",
                            "monitoring": "false",
                            "network_interface.#": "0",
                            "outpost_arn": "",
                            "password_data": "",
                            "placement_group": "",
                            "placement_group_id": "",
                            "placement_partition_number": "0",
                            "primary_network_interface.#": "1",
                            "primary_network_interface.0.delete_on_termination": "true",
                            "primary_network_interface.0.network_interface_id": "eni-0348b1c55c9b0f801",
                            "primary_network_interface_id": "eni-0348b1c55c9b0f801",
                            "private_dns": "ip-172-32-2-211.ap-south-1.compute.internal",
                            "private_dns_name_options.#": "1",
                            "private_dns_name_options.0.enable_resource_name_dns_a_record": "false",
                            "private_dns_name_options.0.enable_resource_name_dns_aaaa_record": "false",
                            "private_dns_name_options.0.hostname_type": "ip-name",
                            "private_ip": "172.32.2.211",
                            "public_dns": "",
                            "public_ip": "",
                            "region": "ap-south-1",
                            "root_block_device.#": "1",
                            "root_block_device.0.delete_on_termination": "true",
                            "root_block_device.0.device_name": "/dev/sda1",
                            "root_block_device.0.encrypted": "false",
                            "root_block_device.0.iops": "3000",
                            "root_block_device.0.kms_key_id": "",
                            "root_block_device.0.tags.%": "0",
                            "root_block_device.0.tags_all.%": "0",
                            "root_block_device.0.throughput": "125",
                            "root_block_device.0.volume_id": "vol-06c412c9a176de176",
                            "root_block_device.0.volume_size": "8",
                            "root_block_device.0.volume_type": "gp3",
                            "secondary_private_ips.#": "0",
                            "security_groups.#": "0",
                            "source_dest_check": "true",
                            "spot_instance_request_id": "",
                            "subnet_id": "subnet-0f4f1bc3197896124",
                            "tags.%": "1",
                            "tags.Name": "APP-Frontend2",
                            "tags_all.%": "1",
                            "tags_all.Name": "APP-Frontend2",
                            "tenancy": "default",
                            "user_data_base64": "IyEvYmluL2Jhc2gKYXB0LWdldCB1cGRhdGUgLXkKYXB0LWdldCBpbnN0YWxsIC15IG5naW54CnN5c3RlbWN0bCBzdGFydCBuZ2lueApzeXN0ZW1jdGwgZW5hYmxlIG5naW54CmVjaG8gIjxoMT5OZ2lueCBpcyBydW5uaW5nIG9uICQoaG9zdG5hbWUpPC9oMT4iID4gL3Zhci93d3cvaHRtbC9pbmRleC5odG1sCg==",
                            "vpc_security_group_ids.#": "1",
                            "vpc_security_group_ids.0": "sg-0592ea2263a80be04"
                        },
                        "meta": {
                            "schema_version": 2
                        },
                        "tainted": false
                    },
                    "deposed": [],
                    "provider": "provider.aws"
                },
                "aws_instance.tfer--i-01fb317aecf8469e7_APP-Backend": {
                    "type": "aws_instance",
                    "depends_on": [],
                    "primary": {
                        "id": "i-01fb317aecf8469e7",
                        "attributes": {
                            "ami": "ami-07a00cf47dbbc844c",
                            "arn": "arn:aws:ec2:ap-south-1:911167914217:instance/i-01fb317aecf8469e7",
                            "associate_public_ip_address": "false",
                            "availability_zone": "ap-south-1b",
                            "capacity_reservation_specification.#": "1",
                            "capacity_reservation_specification.0.capacity_reservation_preference": "open",
                            "capacity_reservation_specification.0.capacity_reservation_target.#": "0",
                            "cpu_options.#": "1",
                            "cpu_options.0.amd_sev_snp": "",
                            "cpu_options.0.core_count": "1",
                            "cpu_options.0.nested_virtualization": "",
                            "cpu_options.0.threads_per_core": "2",
                            "credit_specification.#": "1",
                            "credit_specification.0.cpu_credits": "unlimited",
                            "disable_api_stop": "false",
                            "disable_api_termination": "false",
                            "ebs_block_device.#": "0",
                            "ebs_optimized": "true",
                            "enclave_options.#": "1",
                            "enclave_options.0.enabled": "false",
                            "ephemeral_block_device.#": "0",
                            "get_password_data": "false",
                            "hibernation": "false",
                            "host_id": "",
                            "iam_instance_profile": "",
                            "id": "i-01fb317aecf8469e7",
                            "instance_initiated_shutdown_behavior": "stop",
                            "instance_lifecycle": "",
                            "instance_market_options.#": "0",
                            "instance_state": "stopped",
                            "instance_type": "t3.small",
                            "ipv6_address_count": "0",
                            "ipv6_addresses.#": "0",
                            "key_name": "APP",
                            "launch_template.#": "0",
                            "maintenance_options.#": "1",
                            "maintenance_options.0.auto_recovery": "default",
                            "metadata_options.#": "1",
                            "metadata_options.0.http_endpoint": "enabled",
                            "metadata_options.0.http_protocol_ipv6": "disabled",
                            "metadata_options.0.http_put_response_hop_limit": "2",
                            "metadata_options.0.http_tokens": "required",
                            "metadata_options.0.instance_metadata_tags": "disabled",
                            "monitoring": "false",
                            "network_interface.#": "0",
                            "outpost_arn": "",
                            "password_data": "",
                            "placement_group": "",
                            "placement_group_id": "",
                            "placement_partition_number": "0",
                            "primary_network_interface.#": "1",
                            "primary_network_interface.0.delete_on_termination": "true",
                            "primary_network_interface.0.network_interface_id": "eni-08981d81cec8e1793",
                            "primary_network_interface_id": "eni-08981d81cec8e1793",
                            "private_dns": "ip-172-32-10-35.ap-south-1.compute.internal",
                            "private_dns_name_options.#": "1",
                            "private_dns_name_options.0.enable_resource_name_dns_a_record": "false",
                            "private_dns_name_options.0.enable_resource_name_dns_aaaa_record": "false",
                            "private_dns_name_options.0.hostname_type": "ip-name",
                            "private_ip": "172.32.10.35",
                            "public_dns": "",
                            "public_ip": "",
                            "region": "ap-south-1",
                            "root_block_device.#": "1",
                            "root_block_device.0.delete_on_termination": "true",
                            "root_block_device.0.device_name": "/dev/sda1",
                            "root_block_device.0.encrypted": "false",
                            "root_block_device.0.iops": "3000",
                            "root_block_device.0.kms_key_id": "",
                            "root_block_device.0.tags.%": "0",
                            "root_block_device.0.tags_all.%": "0",
                            "root_block_device.0.throughput": "125",
                            "root_block_device.0.volume_id": "vol-091b302cd869a3500",
                            "root_block_device.0.volume_size": "8",
                            "root_block_device.0.volume_type": "gp3",
                            "secondary_private_ips.#": "0",
                            "security_groups.#": "0",
                            "source_dest_check": "true",
                            "spot_instance_request_id": "",
                            "subnet_id": "subnet-045142dc209ca5656",
                            "tags.%": "1",
                            "tags.Name": "APP-Backend",
                            "tags_all.%": "1",
                            "tags_all.Name": "APP-Backend",
                            "tenancy": "default",
                            "user_data_base64": "YXB0IHVwZGF0ZSAteQphcHQgaW5zdGFsbCBvcGVuamRrLTIxLWpkayAteQ==",
                            "vpc_security_group_ids.#": "1",
                            "vpc_security_group_ids.0": "sg-0a3f5866ca01859b3"
                        },
                        "meta": {
                            "schema_version": 2
                        },
                        "tainted": false
                    },
                    "deposed": [],
                    "provider": "provider.aws"
                },
                "aws_instance.tfer--i-03fb5b28dc457dfe0_DB": {
                    "type": "aws_instance",
                    "depends_on": [],
                    "primary": {
                        "id": "i-03fb5b28dc457dfe0",
                        "attributes": {
                            "ami": "ami-07a00cf47dbbc844c",
                            "arn": "arn:aws:ec2:ap-south-1:911167914217:instance/i-03fb5b28dc457dfe0",
                            "associate_public_ip_address": "false",
                            "availability_zone": "ap-south-1b",
                            "capacity_reservation_specification.#": "1",
                            "capacity_reservation_specification.0.capacity_reservation_preference": "open",
                            "capacity_reservation_specification.0.capacity_reservation_target.#": "0",
                            "cpu_options.#": "1",
                            "cpu_options.0.amd_sev_snp": "",
                            "cpu_options.0.core_count": "1",
                            "cpu_options.0.nested_virtualization": "",
                            "cpu_options.0.threads_per_core": "2",
                            "credit_specification.#": "1",
                            "credit_specification.0.cpu_credits": "unlimited",
                            "disable_api_stop": "false",
                            "disable_api_termination": "false",
                            "ebs_block_device.#": "0",
                            "ebs_optimized": "true",
                            "enclave_options.#": "1",
                            "enclave_options.0.enabled": "false",
                            "ephemeral_block_device.#": "0",
                            "get_password_data": "false",
                            "hibernation": "false",
                            "host_id": "",
                            "iam_instance_profile": "",
                            "id": "i-03fb5b28dc457dfe0",
                            "instance_initiated_shutdown_behavior": "stop",
                            "instance_lifecycle": "",
                            "instance_market_options.#": "0",
                            "instance_state": "stopped",
                            "instance_type": "t3.small",
                            "ipv6_address_count": "0",
                            "ipv6_addresses.#": "0",
                            "key_name": "APP",
                            "launch_template.#": "0",
                            "maintenance_options.#": "1",
                            "maintenance_options.0.auto_recovery": "default",
                            "metadata_options.#": "1",
                            "metadata_options.0.http_endpoint": "enabled",
                            "metadata_options.0.http_protocol_ipv6": "disabled",
                            "metadata_options.0.http_put_response_hop_limit": "2",
                            "metadata_options.0.http_tokens": "required",
                            "metadata_options.0.instance_metadata_tags": "disabled",
                            "monitoring": "false",
                            "network_interface.#": "0",
                            "outpost_arn": "",
                            "password_data": "",
                            "placement_group": "",
                            "placement_group_id": "",
                            "placement_partition_number": "0",
                            "primary_network_interface.#": "1",
                            "primary_network_interface.0.delete_on_termination": "true",
                            "primary_network_interface.0.network_interface_id": "eni-04033707631c67216",
                            "primary_network_interface_id": "eni-04033707631c67216",
                            "private_dns": "ip-172-32-3-126.ap-south-1.compute.internal",
                            "private_dns_name_options.#": "1",
                            "private_dns_name_options.0.enable_resource_name_dns_a_record": "false",
                            "private_dns_name_options.0.enable_resource_name_dns_aaaa_record": "false",
                            "private_dns_name_options.0.hostname_type": "ip-name",
                            "private_ip": "172.32.3.126",
                            "public_dns": "",
                            "public_ip": "",
                            "region": "ap-south-1",
                            "root_block_device.#": "1",
                            "root_block_device.0.delete_on_termination": "true",
                            "root_block_device.0.device_name": "/dev/sda1",
                            "root_block_device.0.encrypted": "false",
                            "root_block_device.0.iops": "3000",
                            "root_block_device.0.kms_key_id": "",
                            "root_block_device.0.tags.%": "0",
                            "root_block_device.0.tags_all.%": "0",
                            "root_block_device.0.throughput": "125",
                            "root_block_device.0.volume_id": "vol-039ea34997b14e0e1",
                            "root_block_device.0.volume_size": "8",
                            "root_block_device.0.volume_type": "gp3",
                            "secondary_private_ips.#": "0",
                            "security_groups.#": "0",
                            "source_dest_check": "true",
                            "spot_instance_request_id": "",
                            "subnet_id": "subnet-029ceac41f59c6587",
                            "tags.%": "1",
                            "tags.Name": "DB",
                            "tags_all.%": "1",
                            "tags_all.Name": "DB",
                            "tenancy": "default",
                            "user_data_base64": "",
                            "vpc_security_group_ids.#": "1",
                            "vpc_security_group_ids.0": "sg-042b85cdaa391bf0a"
                        },
                        "meta": {
                            "schema_version": 2
                        },
                        "tainted": false
                    },
                    "deposed": [],
                    "provider": "provider.aws"
                },
                "aws_instance.tfer--i-07d2f411d5ce4c833_server2": {
                    "type": "aws_instance",
                    "depends_on": [],
                    "primary": {
                        "id": "i-07d2f411d5ce4c833",
                        "attributes": {
                            "ami": "ami-07a00cf47dbbc844c",
                            "arn": "arn:aws:ec2:ap-south-1:911167914217:instance/i-07d2f411d5ce4c833",
                            "associate_public_ip_address": "false",
                            "availability_zone": "ap-south-1a",
                            "capacity_reservation_specification.#": "1",
                            "capacity_reservation_specification.0.capacity_reservation_preference": "open",
                            "capacity_reservation_specification.0.capacity_reservation_target.#": "0",
                            "cpu_options.#": "1",
                            "cpu_options.0.amd_sev_snp": "",
                            "cpu_options.0.core_count": "1",
                            "cpu_options.0.nested_virtualization": "",
                            "cpu_options.0.threads_per_core": "2",
                            "credit_specification.#": "1",
                            "credit_specification.0.cpu_credits": "unlimited",
                            "disable_api_stop": "false",
                            "disable_api_termination": "false",
                            "ebs_block_device.#": "0",
                            "ebs_optimized": "true",
                            "enclave_options.#": "1",
                            "enclave_options.0.enabled": "false",
                            "ephemeral_block_device.#": "0",
                            "get_password_data": "false",
                            "hibernation": "false",
                            "host_id": "",
                            "iam_instance_profile": "",
                            "id": "i-07d2f411d5ce4c833",
                            "instance_initiated_shutdown_behavior": "stop",
                            "instance_lifecycle": "",
                            "instance_market_options.#": "0",
                            "instance_state": "stopped",
                            "instance_type": "t3.small",
                            "ipv6_address_count": "0",
                            "ipv6_addresses.#": "0",
                            "key_name": "mumbai",
                            "launch_template.#": "0",
                            "maintenance_options.#": "1",
                            "maintenance_options.0.auto_recovery": "default",
                            "metadata_options.#": "1",
                            "metadata_options.0.http_endpoint": "enabled",
                            "metadata_options.0.http_protocol_ipv6": "disabled",
                            "metadata_options.0.http_put_response_hop_limit": "2",
                            "metadata_options.0.http_tokens": "required",
                            "metadata_options.0.instance_metadata_tags": "disabled",
                            "monitoring": "false",
                            "network_interface.#": "0",
                            "outpost_arn": "",
                            "password_data": "",
                            "placement_group": "",
                            "placement_group_id": "",
                            "placement_partition_number": "0",
                            "primary_network_interface.#": "1",
                            "primary_network_interface.0.delete_on_termination": "true",
                            "primary_network_interface.0.network_interface_id": "eni-0478f06f8a0f6ab84",
                            "primary_network_interface_id": "eni-0478f06f8a0f6ab84",
                            "private_dns": "ip-172-31-42-188.ap-south-1.compute.internal",
                            "private_dns_name_options.#": "1",
                            "private_dns_name_options.0.enable_resource_name_dns_a_record": "true",
                            "private_dns_name_options.0.enable_resource_name_dns_aaaa_record": "false",
                            "private_dns_name_options.0.hostname_type": "ip-name",
                            "private_ip": "172.31.42.188",
                            "public_dns": "",
                            "public_ip": "",
                            "region": "ap-south-1",
                            "root_block_device.#": "1",
                            "root_block_device.0.delete_on_termination": "true",
                            "root_block_device.0.device_name": "/dev/sda1",
                            "root_block_device.0.encrypted": "false",
                            "root_block_device.0.iops": "3000",
                            "root_block_device.0.kms_key_id": "",
                            "root_block_device.0.tags.%": "0",
                            "root_block_device.0.tags_all.%": "0",
                            "root_block_device.0.throughput": "125",
                            "root_block_device.0.volume_id": "vol-0b9bb4a765c1663e1",
                            "root_block_device.0.volume_size": "8",
                            "root_block_device.0.volume_type": "gp3",
                            "secondary_private_ips.#": "0",
                            "security_groups.#": "1",
                            "security_groups.0": "launch-wizard-2",
                            "source_dest_check": "true",
                            "spot_instance_request_id": "",
                            "subnet_id": "subnet-00f5f3969e681f05c",
                            "tags.%": "1",
                            "tags.Name": "server2",
                            "tags_all.%": "1",
                            "tags_all.Name": "server2",
                            "tenancy": "default",
                            "user_data_base64": "",
                            "vpc_security_group_ids.#": "1",
                            "vpc_security_group_ids.0": "sg-0505ef4d93d3b99c4"
                        },
                        "meta": {
                            "schema_version": 2
                        },
                        "tainted": false
                    },
                    "deposed": [],
                    "provider": "provider.aws"
                },
                "aws_instance.tfer--i-09b2834a446f25c5f_APP-Frontend": {
                    "type": "aws_instance",
                    "depends_on": [],
                    "primary": {
                        "id": "i-09b2834a446f25c5f",
                        "attributes": {
                            "ami": "ami-07a00cf47dbbc844c",
                            "arn": "arn:aws:ec2:ap-south-1:911167914217:instance/i-09b2834a446f25c5f",
                            "associate_public_ip_address": "false",
                            "availability_zone": "ap-south-1b",
                            "capacity_reservation_specification.#": "1",
                            "capacity_reservation_specification.0.capacity_reservation_preference": "open",
                            "capacity_reservation_specification.0.capacity_reservation_target.#": "0",
                            "cpu_options.#": "1",
                            "cpu_options.0.amd_sev_snp": "",
                            "cpu_options.0.core_count": "1",
                            "cpu_options.0.nested_virtualization": "",
                            "cpu_options.0.threads_per_core": "2",
                            "credit_specification.#": "1",
                            "credit_specification.0.cpu_credits": "unlimited",
                            "disable_api_stop": "false",
                            "disable_api_termination": "false",
                            "ebs_block_device.#": "0",
                            "ebs_optimized": "true",
                            "enclave_options.#": "1",
                            "enclave_options.0.enabled": "false",
                            "ephemeral_block_device.#": "0",
                            "get_password_data": "false",
                            "hibernation": "false",
                            "host_id": "",
                            "iam_instance_profile": "",
                            "id": "i-09b2834a446f25c5f",
                            "instance_initiated_shutdown_behavior": "stop",
                            "instance_lifecycle": "",
                            "instance_market_options.#": "0",
                            "instance_state": "stopped",
                            "instance_type": "t3.small",
                            "ipv6_address_count": "0",
                            "ipv6_addresses.#": "0",
                            "key_name": "APP",
                            "launch_template.#": "0",
                            "maintenance_options.#": "1",
                            "maintenance_options.0.auto_recovery": "default",
                            "metadata_options.#": "1",
                            "metadata_options.0.http_endpoint": "enabled",
                            "metadata_options.0.http_protocol_ipv6": "disabled",
                            "metadata_options.0.http_put_response_hop_limit": "2",
                            "metadata_options.0.http_tokens": "required",
                            "metadata_options.0.instance_metadata_tags": "disabled",
                            "monitoring": "false",
                            "network_interface.#": "0",
                            "outpost_arn": "",
                            "password_data": "",
                            "placement_group": "",
                            "placement_group_id": "",
                            "placement_partition_number": "0",
                            "primary_network_interface.#": "1",
                            "primary_network_interface.0.delete_on_termination": "true",
                            "primary_network_interface.0.network_interface_id": "eni-01647a4570f882275",
                            "primary_network_interface_id": "eni-01647a4570f882275",
                            "private_dns": "ip-172-32-2-32.ap-south-1.compute.internal",
                            "private_dns_name_options.#": "1",
                            "private_dns_name_options.0.enable_resource_name_dns_a_record": "false",
                            "private_dns_name_options.0.enable_resource_name_dns_aaaa_record": "false",
                            "private_dns_name_options.0.hostname_type": "ip-name",
                            "private_ip": "172.32.2.32",
                            "public_dns": "",
                            "public_ip": "",
                            "region": "ap-south-1",
                            "root_block_device.#": "1",
                            "root_block_device.0.delete_on_termination": "true",
                            "root_block_device.0.device_name": "/dev/sda1",
                            "root_block_device.0.encrypted": "false",
                            "root_block_device.0.iops": "3000",
                            "root_block_device.0.kms_key_id": "",
                            "root_block_device.0.tags.%": "0",
                            "root_block_device.0.tags_all.%": "0",
                            "root_block_device.0.throughput": "125",
                            "root_block_device.0.volume_id": "vol-09c059089ce18d571",
                            "root_block_device.0.volume_size": "8",
                            "root_block_device.0.volume_type": "gp3",
                            "secondary_private_ips.#": "0",
                            "security_groups.#": "0",
                            "source_dest_check": "true",
                            "spot_instance_request_id": "",
                            "subnet_id": "subnet-0f4f1bc3197896124",
                            "tags.%": "1",
                            "tags.Name": "APP-Frontend",
                            "tags_all.%": "1",
                            "tags_all.Name": "APP-Frontend",
                            "tenancy": "default",
                            "user_data_base64": "IyEvYmluL2Jhc2gKYXB0LWdldCB1cGRhdGUgLXkKYXB0LWdldCBpbnN0YWxsIC15IG5naW54CnN5c3RlbWN0bCBzdGFydCBuZ2lueApzeXN0ZW1jdGwgZW5hYmxlIG5naW54CmVjaG8gIjxoMT5OZ2lueCBpcyBydW5uaW5nIG9uICQoaG9zdG5hbWUpPC9oMT4iID4gL3Zhci93d3cvaHRtbC9pbmRleC5odG1sCg==",
                            "vpc_security_group_ids.#": "1",
                            "vpc_security_group_ids.0": "sg-0592ea2263a80be04"
                        },
                        "meta": {
                            "schema_version": 2
                        },
                        "tainted": false
                    },
                    "deposed": [],
                    "provider": "provider.aws"
                },
                "aws_instance.tfer--i-0a02e1f6b18a300c0_APP-Backend2": {
                    "type": "aws_instance",
                    "depends_on": [],
                    "primary": {
                        "id": "i-0a02e1f6b18a300c0",
                        "attributes": {
                            "ami": "ami-07a00cf47dbbc844c",
                            "arn": "arn:aws:ec2:ap-south-1:911167914217:instance/i-0a02e1f6b18a300c0",
                            "associate_public_ip_address": "false",
                            "availability_zone": "ap-south-1b",
                            "capacity_reservation_specification.#": "1",
                            "capacity_reservation_specification.0.capacity_reservation_preference": "open",
                            "capacity_reservation_specification.0.capacity_reservation_target.#": "0",
                            "cpu_options.#": "1",
                            "cpu_options.0.amd_sev_snp": "",
                            "cpu_options.0.core_count": "1",
                            "cpu_options.0.nested_virtualization": "",
                            "cpu_options.0.threads_per_core": "2",
                            "credit_specification.#": "1",
                            "credit_specification.0.cpu_credits": "unlimited",
                            "disable_api_stop": "false",
                            "disable_api_termination": "false",
                            "ebs_block_device.#": "0",
                            "ebs_optimized": "true",
                            "enclave_options.#": "1",
                            "enclave_options.0.enabled": "false",
                            "ephemeral_block_device.#": "0",
                            "get_password_data": "false",
                            "hibernation": "false",
                            "host_id": "",
                            "iam_instance_profile": "",
                            "id": "i-0a02e1f6b18a300c0",
                            "instance_initiated_shutdown_behavior": "stop",
                            "instance_lifecycle": "",
                            "instance_market_options.#": "0",
                            "instance_state": "stopped",
                            "instance_type": "t3.small",
                            "ipv6_address_count": "0",
                            "ipv6_addresses.#": "0",
                            "key_name": "APP",
                            "launch_template.#": "0",
                            "maintenance_options.#": "1",
                            "maintenance_options.0.auto_recovery": "default",
                            "metadata_options.#": "1",
                            "metadata_options.0.http_endpoint": "enabled",
                            "metadata_options.0.http_protocol_ipv6": "disabled",
                            "metadata_options.0.http_put_response_hop_limit": "2",
                            "metadata_options.0.http_tokens": "required",
                            "metadata_options.0.instance_metadata_tags": "disabled",
                            "monitoring": "false",
                            "network_interface.#": "0",
                            "outpost_arn": "",
                            "password_data": "",
                            "placement_group": "",
                            "placement_group_id": "",
                            "placement_partition_number": "0",
                            "primary_network_interface.#": "1",
                            "primary_network_interface.0.delete_on_termination": "true",
                            "primary_network_interface.0.network_interface_id": "eni-0cf1e404ba77b85fe",
                            "primary_network_interface_id": "eni-0cf1e404ba77b85fe",
                            "private_dns": "ip-172-32-10-176.ap-south-1.compute.internal",
                            "private_dns_name_options.#": "1",
                            "private_dns_name_options.0.enable_resource_name_dns_a_record": "false",
                            "private_dns_name_options.0.enable_resource_name_dns_aaaa_record": "false",
                            "private_dns_name_options.0.hostname_type": "ip-name",
                            "private_ip": "172.32.10.176",
                            "public_dns": "",
                            "public_ip": "",
                            "region": "ap-south-1",
                            "root_block_device.#": "1",
                            "root_block_device.0.delete_on_termination": "true",
                            "root_block_device.0.device_name": "/dev/sda1",
                            "root_block_device.0.encrypted": "false",
                            "root_block_device.0.iops": "3000",
                            "root_block_device.0.kms_key_id": "",
                            "root_block_device.0.tags.%": "0",
                            "root_block_device.0.tags_all.%": "0",
                            "root_block_device.0.throughput": "125",
                            "root_block_device.0.volume_id": "vol-050add2bfeca60e64",
                            "root_block_device.0.volume_size": "8",
                            "root_block_device.0.volume_type": "gp3",
                            "secondary_private_ips.#": "0",
                            "security_groups.#": "0",
                            "source_dest_check": "true",
                            "spot_instance_request_id": "",
                            "subnet_id": "subnet-045142dc209ca5656",
                            "tags.%": "1",
                            "tags.Name": "APP-Backend2",
                            "tags_all.%": "1",
                            "tags_all.Name": "APP-Backend2",
                            "tenancy": "default",
                            "user_data_base64": "YXB0IHVwZGF0ZSAteQphcHQgaW5zdGFsbCBvcGVuamRrLTIxLWpkayAteQ==",
                            "vpc_security_group_ids.#": "1",
                            "vpc_security_group_ids.0": "sg-0a3f5866ca01859b3"
                        },
                        "meta": {
                            "schema_version": 2
                        },
                        "tainted": false
                    },
                    "deposed": [],
                    "provider": "provider.aws"
                },
                "aws_instance.tfer--i-0d8deec2f510e4d26_Server-Bastion": {
                    "type": "aws_instance",
                    "depends_on": [],
                    "primary": {
                        "id": "i-0d8deec2f510e4d26",
                        "attributes": {
                            "ami": "ami-07a00cf47dbbc844c",
                            "arn": "arn:aws:ec2:ap-south-1:911167914217:instance/i-0d8deec2f510e4d26",
                            "associate_public_ip_address": "true",
                            "availability_zone": "ap-south-1b",
                            "capacity_reservation_specification.#": "1",
                            "capacity_reservation_specification.0.capacity_reservation_preference": "open",
                            "capacity_reservation_specification.0.capacity_reservation_target.#": "0",
                            "cpu_options.#": "1",
                            "cpu_options.0.amd_sev_snp": "",
                            "cpu_options.0.core_count": "1",
                            "cpu_options.0.nested_virtualization": "",
                            "cpu_options.0.threads_per_core": "2",
                            "credit_specification.#": "1",
                            "credit_specification.0.cpu_credits": "unlimited",
                            "disable_api_stop": "false",
                            "disable_api_termination": "false",
                            "ebs_block_device.#": "0",
                            "ebs_optimized": "true",
                            "enclave_options.#": "1",
                            "enclave_options.0.enabled": "false",
                            "ephemeral_block_device.#": "0",
                            "get_password_data": "false",
                            "hibernation": "false",
                            "host_id": "",
                            "iam_instance_profile": "",
                            "id": "i-0d8deec2f510e4d26",
                            "instance_initiated_shutdown_behavior": "stop",
                            "instance_lifecycle": "",
                            "instance_market_options.#": "0",
                            "instance_state": "stopped",
                            "instance_type": "t3.micro",
                            "ipv6_address_count": "0",
                            "ipv6_addresses.#": "0",
                            "key_name": "APP",
                            "launch_template.#": "0",
                            "maintenance_options.#": "1",
                            "maintenance_options.0.auto_recovery": "default",
                            "metadata_options.#": "1",
                            "metadata_options.0.http_endpoint": "enabled",
                            "metadata_options.0.http_protocol_ipv6": "disabled",
                            "metadata_options.0.http_put_response_hop_limit": "2",
                            "metadata_options.0.http_tokens": "required",
                            "metadata_options.0.instance_metadata_tags": "disabled",
                            "monitoring": "false",
                            "network_interface.#": "0",
                            "outpost_arn": "",
                            "password_data": "",
                            "placement_group": "",
                            "placement_group_id": "",
                            "placement_partition_number": "0",
                            "primary_network_interface.#": "1",
                            "primary_network_interface.0.delete_on_termination": "true",
                            "primary_network_interface.0.network_interface_id": "eni-0593f16f9bdeb9fc5",
                            "primary_network_interface_id": "eni-0593f16f9bdeb9fc5",
                            "private_dns": "ip-10-0-1-151.ap-south-1.compute.internal",
                            "private_dns_name_options.#": "1",
                            "private_dns_name_options.0.enable_resource_name_dns_a_record": "false",
                            "private_dns_name_options.0.enable_resource_name_dns_aaaa_record": "false",
                            "private_dns_name_options.0.hostname_type": "ip-name",
                            "private_ip": "10.0.1.151",
                            "public_dns": "",
                            "public_ip": "13.205.174.90",
                            "region": "ap-south-1",
                            "root_block_device.#": "1",
                            "root_block_device.0.delete_on_termination": "true",
                            "root_block_device.0.device_name": "/dev/sda1",
                            "root_block_device.0.encrypted": "false",
                            "root_block_device.0.iops": "3000",
                            "root_block_device.0.kms_key_id": "",
                            "root_block_device.0.tags.%": "0",
                            "root_block_device.0.tags_all.%": "0",
                            "root_block_device.0.throughput": "125",
                            "root_block_device.0.volume_id": "vol-01a483ec55f313725",
                            "root_block_device.0.volume_size": "8",
                            "root_block_device.0.volume_type": "gp3",
                            "secondary_private_ips.#": "0",
                            "security_groups.#": "0",
                            "source_dest_check": "true",
                            "spot_instance_request_id": "",
                            "subnet_id": "subnet-0ad6b66902b1c27df",
                            "tags.%": "1",
                            "tags.Name": "Server-Bastion",
                            "tags_all.%": "1",
                            "tags_all.Name": "Server-Bastion",
                            "tenancy": "default",
                            "user_data_base64": "",
                            "vpc_security_group_ids.#": "1",
                            "vpc_security_group_ids.0": "sg-01e31f7b4dc5c1c70"
                        },
                        "meta": {
                            "schema_version": 2
                        },
                        "tainted": false
                    },
                    "deposed": [],
                    "provider": "provider.aws"
                },
                "aws_instance.tfer--i-0d9165454a5e63bc9_Server1": {
                    "type": "aws_instance",
                    "depends_on": [],
                    "primary": {
                        "id": "i-0d9165454a5e63bc9",
                        "attributes": {
                            "ami": "ami-02eb0c2388ee999f9",
                            "arn": "arn:aws:ec2:ap-south-1:911167914217:instance/i-0d9165454a5e63bc9",
                            "associate_public_ip_address": "true",
                            "availability_zone": "ap-south-1a",
                            "capacity_reservation_specification.#": "1",
                            "capacity_reservation_specification.0.capacity_reservation_preference": "open",
                            "capacity_reservation_specification.0.capacity_reservation_target.#": "0",
                            "cpu_options.#": "1",
                            "cpu_options.0.amd_sev_snp": "",
                            "cpu_options.0.core_count": "1",
                            "cpu_options.0.nested_virtualization": "",
                            "cpu_options.0.threads_per_core": "2",
                            "credit_specification.#": "1",
                            "credit_specification.0.cpu_credits": "unlimited",
                            "disable_api_stop": "false",
                            "disable_api_termination": "false",
                            "ebs_block_device.#": "0",
                            "ebs_optimized": "true",
                            "enclave_options.#": "1",
                            "enclave_options.0.enabled": "false",
                            "ephemeral_block_device.#": "0",
                            "get_password_data": "false",
                            "hibernation": "false",
                            "host_id": "",
                            "iam_instance_profile": "",
                            "id": "i-0d9165454a5e63bc9",
                            "instance_initiated_shutdown_behavior": "stop",
                            "instance_lifecycle": "",
                            "instance_market_options.#": "0",
                            "instance_state": "running",
                            "instance_type": "t3.small",
                            "ipv6_address_count": "0",
                            "ipv6_addresses.#": "0",
                            "key_name": "mumbai",
                            "launch_template.#": "0",
                            "maintenance_options.#": "1",
                            "maintenance_options.0.auto_recovery": "default",
                            "metadata_options.#": "1",
                            "metadata_options.0.http_endpoint": "enabled",
                            "metadata_options.0.http_protocol_ipv6": "disabled",
                            "metadata_options.0.http_put_response_hop_limit": "2",
                            "metadata_options.0.http_tokens": "required",
                            "metadata_options.0.instance_metadata_tags": "disabled",
                            "monitoring": "false",
                            "network_interface.#": "0",
                            "outpost_arn": "",
                            "password_data": "",
                            "placement_group": "",
                            "placement_group_id": "",
                            "placement_partition_number": "0",
                            "primary_network_interface.#": "1",
                            "primary_network_interface.0.delete_on_termination": "true",
                            "primary_network_interface.0.network_interface_id": "eni-0a34f96d35e3016fc",
                            "primary_network_interface_id": "eni-0a34f96d35e3016fc",
                            "private_dns": "ip-172-31-35-38.ap-south-1.compute.internal",
                            "private_dns_name_options.#": "1",
                            "private_dns_name_options.0.enable_resource_name_dns_a_record": "true",
                            "private_dns_name_options.0.enable_resource_name_dns_aaaa_record": "false",
                            "private_dns_name_options.0.hostname_type": "ip-name",
                            "private_ip": "172.31.35.38",
                            "public_dns": "ec2-13-201-52-249.ap-south-1.compute.amazonaws.com",
                            "public_ip": "13.201.52.249",
                            "region": "ap-south-1",
                            "root_block_device.#": "1",
                            "root_block_device.0.delete_on_termination": "true",
                            "root_block_device.0.device_name": "/dev/xvda",
                            "root_block_device.0.encrypted": "false",
                            "root_block_device.0.iops": "3000",
                            "root_block_device.0.kms_key_id": "",
                            "root_block_device.0.tags.%": "0",
                            "root_block_device.0.tags_all.%": "0",
                            "root_block_device.0.throughput": "125",
                            "root_block_device.0.volume_id": "vol-02c89e6c94ef02f4a",
                            "root_block_device.0.volume_size": "8",
                            "root_block_device.0.volume_type": "gp3",
                            "secondary_private_ips.#": "0",
                            "security_groups.#": "1",
                            "security_groups.0": "launch-wizard-1",
                            "source_dest_check": "true",
                            "spot_instance_request_id": "",
                            "subnet_id": "subnet-00f5f3969e681f05c",
                            "tags.%": "1",
                            "tags.Name": "Server1",
                            "tags_all.%": "1",
                            "tags_all.Name": "Server1",
                            "tenancy": "default",
                            "user_data_base64": "",
                            "vpc_security_group_ids.#": "1",
                            "vpc_security_group_ids.0": "sg-0558f577b6970253b"
                        },
                        "meta": {
                            "schema_version": 2
                        },
                        "tainted": false
                    },
                    "deposed": [],
                    "provider": "provider.aws"
                }
            },
            "depends_on": []
        }
    ]
}
