{
    "version": 3,
    "terraform_version": "0.12.31",
    "serial": 1,
    "lineage": "30a6c732-e6c6-604f-9ce0-2c8dfca67008",
    "modules": [
        {
            "path": [
                "root"
            ],
            "outputs": {
                "aws_lb_listener_tfer--arn-003A-aws-003A-elasticloadbalancing-003A-ap-south-1-003A-911167914217-003A-listener-002F-app-002F-ALB-Backend-002F-99c6c573e1869c09-002F-961c52bfe1245c7f_id": {
                    "sensitive": false,
                    "type": "string",
                    "value": "arn:aws:elasticloadbalancing:ap-south-1:911167914217:listener/app/ALB-Backend/99c6c573e1869c09/961c52bfe1245c7f"
                },
                "aws_lb_listener_tfer--arn-003A-aws-003A-elasticloadbalancing-003A-ap-south-1-003A-911167914217-003A-listener-002F-net-002F-NLB-Backend-002F-453a36208ea2ecd1-002F-ca219d56bc4115b2_id": {
                    "sensitive": false,
                    "type": "string",
                    "value": "arn:aws:elasticloadbalancing:ap-south-1:911167914217:listener/net/NLB-Backend/453a36208ea2ecd1/ca219d56bc4115b2"
                },
                "aws_lb_listener_tfer--arn-003A-aws-003A-elasticloadbalancing-003A-ap-south-1-003A-911167914217-003A-listener-002F-net-002F-NLB-Frontend-002F-9043e5df16603bc7-002F-20760f093fc40613_id": {
                    "sensitive": false,
                    "type": "string",
                    "value": "arn:aws:elasticloadbalancing:ap-south-1:911167914217:listener/net/NLB-Frontend/9043e5df16603bc7/20760f093fc40613"
                },
                "aws_lb_target_group_attachment_tfer--arn-003A-aws-003A-elasticloadbalancing-003A-ap-south-1-003A-911167914217-003A-targetgroup-002F-APP-Frontend-002F-dcce8b22c96ae47b-i-017b8cb78cbab98cb_id": {
                    "sensitive": false,
                    "type": "string",
                    "value": "arn:aws:elasticloadbalancing:ap-south-1:911167914217:targetgroup/APP-Frontend/dcce8b22c96ae47b-i-017b8cb78cbab98cb"
                },
                "aws_lb_target_group_attachment_tfer--arn-003A-aws-003A-elasticloadbalancing-003A-ap-south-1-003A-911167914217-003A-targetgroup-002F-APP-Frontend-002F-dcce8b22c96ae47b-i-09b2834a446f25c5f_id": {
                    "sensitive": false,
                    "type": "string",
                    "value": "arn:aws:elasticloadbalancing:ap-south-1:911167914217:targetgroup/APP-Frontend/dcce8b22c96ae47b-i-09b2834a446f25c5f"
                },
                "aws_lb_target_group_attachment_tfer--arn-003A-aws-003A-elasticloadbalancing-003A-ap-south-1-003A-911167914217-003A-targetgroup-002F-App-Back-002F-9a81a73ce92ea1f7-i-01fb317aecf8469e7_id": {
                    "sensitive": false,
                    "type": "string",
                    "value": "arn:aws:elasticloadbalancing:ap-south-1:911167914217:targetgroup/App-Back/9a81a73ce92ea1f7-i-01fb317aecf8469e7"
                },
                "aws_lb_target_group_attachment_tfer--arn-003A-aws-003A-elasticloadbalancing-003A-ap-south-1-003A-911167914217-003A-targetgroup-002F-App-Back-002F-9a81a73ce92ea1f7-i-0a02e1f6b18a300c0_id": {
                    "sensitive": false,
                    "type": "string",
                    "value": "arn:aws:elasticloadbalancing:ap-south-1:911167914217:targetgroup/App-Back/9a81a73ce92ea1f7-i-0a02e1f6b18a300c0"
                },
                "aws_lb_target_group_tfer--APP-Backend_id": {
                    "sensitive": false,
                    "type": "string",
                    "value": "arn:aws:elasticloadbalancing:ap-south-1:911167914217:targetgroup/APP-Backend/181e0a5b9b948ad6"
                },
                "aws_lb_target_group_tfer--APP-Frontend_id": {
                    "sensitive": false,
                    "type": "string",
                    "value": "arn:aws:elasticloadbalancing:ap-south-1:911167914217:targetgroup/APP-Frontend/dcce8b22c96ae47b"
                },
                "aws_lb_target_group_tfer--App-Back_id": {
                    "sensitive": false,
                    "type": "string",
                    "value": "arn:aws:elasticloadbalancing:ap-south-1:911167914217:targetgroup/App-Back/9a81a73ce92ea1f7"
                },
                "aws_lb_target_group_tfer--back_id": {
                    "sensitive": false,
                    "type": "string",
                    "value": "arn:aws:elasticloadbalancing:ap-south-1:911167914217:targetgroup/back/529e9060cf70ddde"
                },
                "aws_lb_tfer--ALB-Backend_id": {
                    "sensitive": false,
                    "type": "string",
                    "value": "arn:aws:elasticloadbalancing:ap-south-1:911167914217:loadbalancer/app/ALB-Backend/99c6c573e1869c09"
                },
                "aws_lb_tfer--NLB-Backend_id": {
                    "sensitive": false,
                    "type": "string",
                    "value": "arn:aws:elasticloadbalancing:ap-south-1:911167914217:loadbalancer/net/NLB-Backend/453a36208ea2ecd1"
                },
                "aws_lb_tfer--NLB-Frontend_id": {
                    "sensitive": false,
                    "type": "string",
                    "value": "arn:aws:elasticloadbalancing:ap-south-1:911167914217:loadbalancer/net/NLB-Frontend/9043e5df16603bc7"
                }
            },
            "resources": {
                "aws_lb.tfer--ALB-Backend": {
                    "type": "aws_lb",
                    "depends_on": [],
                    "primary": {
                        "id": "arn:aws:elasticloadbalancing:ap-south-1:911167914217:loadbalancer/app/ALB-Backend/99c6c573e1869c09",
                        "attributes": {
                            "access_logs.#": "1",
                            "access_logs.0.bucket": "",
                            "access_logs.0.enabled": "false",
                            "access_logs.0.prefix": "",
                            "arn": "arn:aws:elasticloadbalancing:ap-south-1:911167914217:loadbalancer/app/ALB-Backend/99c6c573e1869c09",
                            "arn_suffix": "app/ALB-Backend/99c6c573e1869c09",
                            "client_keep_alive": "3600",
                            "connection_logs.#": "1",
                            "connection_logs.0.bucket": "",
                            "connection_logs.0.enabled": "false",
                            "connection_logs.0.prefix": "",
                            "customer_owned_ipv4_pool": "",
                            "desync_mitigation_mode": "defensive",
                            "dns_name": "internal-ALB-Backend-491180377.ap-south-1.elb.amazonaws.com",
                            "drop_invalid_header_fields": "false",
                            "enable_cross_zone_load_balancing": "true",
                            "enable_deletion_protection": "false",
                            "enable_http2": "true",
                            "enable_tls_version_and_cipher_suite_headers": "false",
                            "enable_waf_fail_open": "false",
                            "enable_xff_client_port": "false",
                            "enable_zonal_shift": "false",
                            "enforce_security_group_inbound_rules_on_private_link_traffic": "",
                            "health_check_logs.#": "1",
                            "health_check_logs.0.bucket": "",
                            "health_check_logs.0.enabled": "false",
                            "health_check_logs.0.prefix": "",
                            "id": "arn:aws:elasticloadbalancing:ap-south-1:911167914217:loadbalancer/app/ALB-Backend/99c6c573e1869c09",
                            "idle_timeout": "60",
                            "internal": "true",
                            "ip_address_type": "ipv4",
                            "ipam_pools.#": "0",
                            "load_balancer_type": "application",
                            "minimum_load_balancer_capacity.#": "0",
                            "name": "ALB-Backend",
                            "name_prefix": "",
                            "preserve_host_header": "false",
                            "region": "ap-south-1",
                            "security_groups.#": "1",
                            "security_groups.0": "sg-0c79d7d7da344e618",
                            "subnet_mapping.#": "2",
                            "subnet_mapping.0.allocation_id": "",
                            "subnet_mapping.0.ipv6_address": "",
                            "subnet_mapping.0.outpost_id": "",
                            "subnet_mapping.0.private_ipv4_address": "",
                            "subnet_mapping.0.subnet_id": "subnet-0244d91612986b6c4",
                            "subnet_mapping.1.allocation_id": "",
                            "subnet_mapping.1.ipv6_address": "",
                            "subnet_mapping.1.outpost_id": "",
                            "subnet_mapping.1.private_ipv4_address": "",
                            "subnet_mapping.1.subnet_id": "subnet-045142dc209ca5656",
                            "subnets.#": "2",
                            "subnets.0": "subnet-0244d91612986b6c4",
                            "subnets.1": "subnet-045142dc209ca5656",
                            "tags.%": "0",
                            "tags_all.%": "0",
                            "vpc_id": "vpc-040f940eeea978cf5",
                            "xff_header_processing_mode": "append",
                            "zone_id": "ZP97RAFLXTNZK"
                        },
                        "meta": {
                            "schema_version": 0
                        },
                        "tainted": false
                    },
                    "deposed": [],
                    "provider": "provider.aws"
                },
                "aws_lb.tfer--NLB-Backend": {
                    "type": "aws_lb",
                    "depends_on": [],
                    "primary": {
                        "id": "arn:aws:elasticloadbalancing:ap-south-1:911167914217:loadbalancer/net/NLB-Backend/453a36208ea2ecd1",
                        "attributes": {
                            "access_logs.#": "1",
                            "access_logs.0.bucket": "",
                            "access_logs.0.enabled": "false",
                            "access_logs.0.prefix": "",
                            "arn": "arn:aws:elasticloadbalancing:ap-south-1:911167914217:loadbalancer/net/NLB-Backend/453a36208ea2ecd1",
                            "arn_suffix": "net/NLB-Backend/453a36208ea2ecd1",
                            "customer_owned_ipv4_pool": "",
                            "dns_name": "NLB-Backend-453a36208ea2ecd1.elb.ap-south-1.amazonaws.com",
                            "dns_record_client_routing_policy": "any_availability_zone",
                            "enable_cross_zone_load_balancing": "false",
                            "enable_deletion_protection": "false",
                            "enable_zonal_shift": "false",
                            "enforce_security_group_inbound_rules_on_private_link_traffic": "",
                            "id": "arn:aws:elasticloadbalancing:ap-south-1:911167914217:loadbalancer/net/NLB-Backend/453a36208ea2ecd1",
                            "internal": "true",
                            "ip_address_type": "ipv4",
                            "ipam_pools.#": "0",
                            "load_balancer_type": "network",
                            "minimum_load_balancer_capacity.#": "0",
                            "name": "NLB-Backend",
                            "name_prefix": "",
                            "region": "ap-south-1",
                            "secondary_ips_auto_assigned_per_subnet": "0",
                            "security_groups.#": "1",
                            "security_groups.0": "sg-0c79d7d7da344e618",
                            "subnet_mapping.#": "1",
                            "subnet_mapping.0.allocation_id": "",
                            "subnet_mapping.0.ipv6_address": "",
                            "subnet_mapping.0.outpost_id": "",
                            "subnet_mapping.0.private_ipv4_address": "",
                            "subnet_mapping.0.subnet_id": "subnet-045142dc209ca5656",
                            "subnets.#": "1",
                            "subnets.0": "subnet-045142dc209ca5656",
                            "tags.%": "0",
                            "tags_all.%": "0",
                            "vpc_id": "vpc-040f940eeea978cf5",
                            "zone_id": "ZVDDRBQ08TROA"
                        },
                        "meta": {
                            "schema_version": 0
                        },
                        "tainted": false
                    },
                    "deposed": [],
                    "provider": "provider.aws"
                },
                "aws_lb.tfer--NLB-Frontend": {
                    "type": "aws_lb",
                    "depends_on": [],
                    "primary": {
                        "id": "arn:aws:elasticloadbalancing:ap-south-1:911167914217:loadbalancer/net/NLB-Frontend/9043e5df16603bc7",
                        "attributes": {
                            "access_logs.#": "1",
                            "access_logs.0.bucket": "",
                            "access_logs.0.enabled": "false",
                            "access_logs.0.prefix": "",
                            "arn": "arn:aws:elasticloadbalancing:ap-south-1:911167914217:loadbalancer/net/NLB-Frontend/9043e5df16603bc7",
                            "arn_suffix": "net/NLB-Frontend/9043e5df16603bc7",
                            "customer_owned_ipv4_pool": "",
                            "dns_name": "NLB-Frontend-9043e5df16603bc7.elb.ap-south-1.amazonaws.com",
                            "dns_record_client_routing_policy": "any_availability_zone",
                            "enable_cross_zone_load_balancing": "false",
                            "enable_deletion_protection": "false",
                            "enable_zonal_shift": "false",
                            "enforce_security_group_inbound_rules_on_private_link_traffic": "",
                            "id": "arn:aws:elasticloadbalancing:ap-south-1:911167914217:loadbalancer/net/NLB-Frontend/9043e5df16603bc7",
                            "internal": "false",
                            "ip_address_type": "ipv4",
                            "ipam_pools.#": "0",
                            "load_balancer_type": "network",
                            "minimum_load_balancer_capacity.#": "0",
                            "name": "NLB-Frontend",
                            "name_prefix": "",
                            "region": "ap-south-1",
                            "secondary_ips_auto_assigned_per_subnet": "0",
                            "security_groups.#": "1",
                            "security_groups.0": "sg-04eaa21be3eec71b6",
                            "subnet_mapping.#": "1",
                            "subnet_mapping.0.allocation_id": "",
                            "subnet_mapping.0.ipv6_address": "",
                            "subnet_mapping.0.outpost_id": "",
                            "subnet_mapping.0.private_ipv4_address": "",
                            "subnet_mapping.0.subnet_id": "subnet-06d95c7cb8bfbf7c8",
                            "subnets.#": "1",
                            "subnets.0": "subnet-06d95c7cb8bfbf7c8",
                            "tags.%": "0",
                            "tags_all.%": "0",
                            "vpc_id": "vpc-040f940eeea978cf5",
                            "zone_id": "ZVDDRBQ08TROA"
                        },
                        "meta": {
                            "schema_version": 0
                        },
                        "tainted": false
                    },
                    "deposed": [],
                    "provider": "provider.aws"
                },
                "aws_lb_listener.tfer--arn-003A-aws-003A-elasticloadbalancing-003A-ap-south-1-003A-911167914217-003A-listener-002F-app-002F-ALB-Backend-002F-99c6c573e1869c09-002F-961c52bfe1245c7f": {
                    "type": "aws_lb_listener",
                    "depends_on": [],
                    "primary": {
                        "id": "arn:aws:elasticloadbalancing:ap-south-1:911167914217:listener/app/ALB-Backend/99c6c573e1869c09/961c52bfe1245c7f",
                        "attributes": {
                            "arn": "arn:aws:elasticloadbalancing:ap-south-1:911167914217:listener/app/ALB-Backend/99c6c573e1869c09/961c52bfe1245c7f",
                            "default_action.#": "1",
                            "default_action.0.authenticate_cognito.#": "0",
                            "default_action.0.authenticate_oidc.#": "0",
                            "default_action.0.fixed_response.#": "0",
                            "default_action.0.forward.#": "1",
                            "default_action.0.forward.0.stickiness.#": "1",
                            "default_action.0.forward.0.stickiness.0.duration": "3600",
                            "default_action.0.forward.0.stickiness.0.enabled": "false",
                            "default_action.0.forward.0.target_group.#": "1",
                            "default_action.0.forward.0.target_group.0.arn": "arn:aws:elasticloadbalancing:ap-south-1:911167914217:targetgroup/back/529e9060cf70ddde",
                            "default_action.0.forward.0.target_group.0.weight": "1",
                            "default_action.0.jwt_validation.#": "0",
                            "default_action.0.order": "1",
                            "default_action.0.redirect.#": "0",
                            "default_action.0.target_group_arn": "arn:aws:elasticloadbalancing:ap-south-1:911167914217:targetgroup/back/529e9060cf70ddde",
                            "default_action.0.type": "forward",
                            "id": "arn:aws:elasticloadbalancing:ap-south-1:911167914217:listener/app/ALB-Backend/99c6c573e1869c09/961c52bfe1245c7f",
                            "load_balancer_arn": "arn:aws:elasticloadbalancing:ap-south-1:911167914217:loadbalancer/app/ALB-Backend/99c6c573e1869c09",
                            "mutual_authentication.#": "0",
                            "port": "80",
                            "protocol": "HTTP",
                            "region": "ap-south-1",
                            "routing_http_response_access_control_allow_credentials_header_value": "",
                            "routing_http_response_access_control_allow_headers_header_value": "",
                            "routing_http_response_access_control_allow_methods_header_value": "",
                            "routing_http_response_access_control_allow_origin_header_value": "",
                            "routing_http_response_access_control_expose_headers_header_value": "",
                            "routing_http_response_access_control_max_age_header_value": "",
                            "routing_http_response_content_security_policy_header_value": "",
                            "routing_http_response_server_enabled": "true",
                            "routing_http_response_strict_transport_security_header_value": "",
                            "routing_http_response_x_content_type_options_header_value": "",
                            "routing_http_response_x_frame_options_header_value": "",
                            "ssl_policy": "",
                            "tags.%": "0",
                            "tags_all.%": "0"
                        },
                        "meta": {
                            "schema_version": 0
                        },
                        "tainted": false
                    },
                    "deposed": [],
                    "provider": "provider.aws"
                },
                "aws_lb_listener.tfer--arn-003A-aws-003A-elasticloadbalancing-003A-ap-south-1-003A-911167914217-003A-listener-002F-net-002F-NLB-Backend-002F-453a36208ea2ecd1-002F-ca219d56bc4115b2": {
                    "type": "aws_lb_listener",
                    "depends_on": [],
                    "primary": {
                        "id": "arn:aws:elasticloadbalancing:ap-south-1:911167914217:listener/net/NLB-Backend/453a36208ea2ecd1/ca219d56bc4115b2",
                        "attributes": {
                            "arn": "arn:aws:elasticloadbalancing:ap-south-1:911167914217:listener/net/NLB-Backend/453a36208ea2ecd1/ca219d56bc4115b2",
                            "default_action.#": "1",
                            "default_action.0.authenticate_cognito.#": "0",
                            "default_action.0.authenticate_oidc.#": "0",
                            "default_action.0.fixed_response.#": "0",
                            "default_action.0.forward.#": "1",
                            "default_action.0.forward.0.stickiness.#": "1",
                            "default_action.0.forward.0.stickiness.0.duration": "0",
                            "default_action.0.forward.0.stickiness.0.enabled": "false",
                            "default_action.0.forward.0.target_group.#": "1",
                            "default_action.0.forward.0.target_group.0.arn": "arn:aws:elasticloadbalancing:ap-south-1:911167914217:targetgroup/App-Back/9a81a73ce92ea1f7",
                            "default_action.0.forward.0.target_group.0.weight": "1",
                            "default_action.0.jwt_validation.#": "0",
                            "default_action.0.order": "1",
                            "default_action.0.redirect.#": "0",
                            "default_action.0.target_group_arn": "arn:aws:elasticloadbalancing:ap-south-1:911167914217:targetgroup/App-Back/9a81a73ce92ea1f7",
                            "default_action.0.type": "forward",
                            "id": "arn:aws:elasticloadbalancing:ap-south-1:911167914217:listener/net/NLB-Backend/453a36208ea2ecd1/ca219d56bc4115b2",
                            "load_balancer_arn": "arn:aws:elasticloadbalancing:ap-south-1:911167914217:loadbalancer/net/NLB-Backend/453a36208ea2ecd1",
                            "mutual_authentication.#": "0",
                            "port": "80",
                            "protocol": "TCP",
                            "region": "ap-south-1",
                            "ssl_policy": "",
                            "tags.%": "0",
                            "tags_all.%": "0",
                            "tcp_idle_timeout_seconds": "350"
                        },
                        "meta": {
                            "schema_version": 0
                        },
                        "tainted": false
                    },
                    "deposed": [],
                    "provider": "provider.aws"
                },
                "aws_lb_listener.tfer--arn-003A-aws-003A-elasticloadbalancing-003A-ap-south-1-003A-911167914217-003A-listener-002F-net-002F-NLB-Frontend-002F-9043e5df16603bc7-002F-20760f093fc40613": {
                    "type": "aws_lb_listener",
                    "depends_on": [],
                    "primary": {
                        "id": "arn:aws:elasticloadbalancing:ap-south-1:911167914217:listener/net/NLB-Frontend/9043e5df16603bc7/20760f093fc40613",
                        "attributes": {
                            "arn": "arn:aws:elasticloadbalancing:ap-south-1:911167914217:listener/net/NLB-Frontend/9043e5df16603bc7/20760f093fc40613",
                            "default_action.#": "1",
                            "default_action.0.authenticate_cognito.#": "0",
                            "default_action.0.authenticate_oidc.#": "0",
                            "default_action.0.fixed_response.#": "0",
                            "default_action.0.forward.#": "1",
                            "default_action.0.forward.0.stickiness.#": "1",
                            "default_action.0.forward.0.stickiness.0.duration": "0",
                            "default_action.0.forward.0.stickiness.0.enabled": "false",
                            "default_action.0.forward.0.target_group.#": "1",
                            "default_action.0.forward.0.target_group.0.arn": "arn:aws:elasticloadbalancing:ap-south-1:911167914217:targetgroup/APP-Frontend/dcce8b22c96ae47b",
                            "default_action.0.forward.0.target_group.0.weight": "1",
                            "default_action.0.jwt_validation.#": "0",
                            "default_action.0.order": "1",
                            "default_action.0.redirect.#": "0",
                            "default_action.0.target_group_arn": "arn:aws:elasticloadbalancing:ap-south-1:911167914217:targetgroup/APP-Frontend/dcce8b22c96ae47b",
                            "default_action.0.type": "forward",
                            "id": "arn:aws:elasticloadbalancing:ap-south-1:911167914217:listener/net/NLB-Frontend/9043e5df16603bc7/20760f093fc40613",
                            "load_balancer_arn": "arn:aws:elasticloadbalancing:ap-south-1:911167914217:loadbalancer/net/NLB-Frontend/9043e5df16603bc7",
                            "mutual_authentication.#": "0",
                            "port": "80",
                            "protocol": "TCP",
                            "region": "ap-south-1",
                            "ssl_policy": "",
                            "tags.%": "0",
                            "tags_all.%": "0",
                            "tcp_idle_timeout_seconds": "350"
                        },
                        "meta": {
                            "schema_version": 0
                        },
                        "tainted": false
                    },
                    "deposed": [],
                    "provider": "provider.aws"
                },
                "aws_lb_target_group.tfer--APP-Backend": {
                    "type": "aws_lb_target_group",
                    "depends_on": [],
                    "primary": {
                        "id": "arn:aws:elasticloadbalancing:ap-south-1:911167914217:targetgroup/APP-Backend/181e0a5b9b948ad6",
                        "attributes": {
                            "arn": "arn:aws:elasticloadbalancing:ap-south-1:911167914217:targetgroup/APP-Backend/181e0a5b9b948ad6",
                            "arn_suffix": "targetgroup/APP-Backend/181e0a5b9b948ad6",
                            "connection_termination": "false",
                            "deregistration_delay": "300",
                            "health_check.#": "1",
                            "health_check.0.enabled": "true",
                            "health_check.0.healthy_threshold": "5",
                            "health_check.0.interval": "30",
                            "health_check.0.matcher": "",
                            "health_check.0.path": "",
                            "health_check.0.port": "traffic-port",
                            "health_check.0.protocol": "TCP",
                            "health_check.0.timeout": "10",
                            "health_check.0.unhealthy_threshold": "2",
                            "id": "arn:aws:elasticloadbalancing:ap-south-1:911167914217:targetgroup/APP-Backend/181e0a5b9b948ad6",
                            "ip_address_type": "ipv4",
                            "load_balancer_arns.#": "0",
                            "load_balancing_cross_zone_enabled": "use_load_balancer_configuration",
                            "name": "APP-Backend",
                            "name_prefix": "",
                            "port": "80",
                            "preserve_client_ip": "true",
                            "protocol": "TCP",
                            "proxy_protocol_v2": "false",
                            "region": "ap-south-1",
                            "stickiness.#": "1",
                            "stickiness.0.cookie_duration": "0",
                            "stickiness.0.cookie_name": "",
                            "stickiness.0.enabled": "false",
                            "stickiness.0.type": "source_ip",
                            "tags.%": "0",
                            "tags_all.%": "0",
                            "target_control_port": "0",
                            "target_failover.#": "1",
                            "target_group_health.#": "1",
                            "target_group_health.0.dns_failover.#": "1",
                            "target_group_health.0.dns_failover.0.minimum_healthy_targets_count": "1",
                            "target_group_health.0.dns_failover.0.minimum_healthy_targets_percentage": "off",
                            "target_group_health.0.unhealthy_state_routing.#": "1",
                            "target_group_health.0.unhealthy_state_routing.0.minimum_healthy_targets_count": "1",
                            "target_group_health.0.unhealthy_state_routing.0.minimum_healthy_targets_percentage": "off",
                            "target_health_state.#": "1",
                            "target_health_state.0.enable_unhealthy_connection_termination": "true",
                            "target_health_state.0.unhealthy_draining_interval": "0",
                            "target_type": "instance",
                            "vpc_id": "vpc-040f940eeea978cf5"
                        },
                        "meta": {
                            "schema_version": 0
                        },
                        "tainted": false
                    },
                    "deposed": [],
                    "provider": "provider.aws"
                },
                "aws_lb_target_group.tfer--APP-Frontend": {
                    "type": "aws_lb_target_group",
                    "depends_on": [],
                    "primary": {
                        "id": "arn:aws:elasticloadbalancing:ap-south-1:911167914217:targetgroup/APP-Frontend/dcce8b22c96ae47b",
                        "attributes": {
                            "arn": "arn:aws:elasticloadbalancing:ap-south-1:911167914217:targetgroup/APP-Frontend/dcce8b22c96ae47b",
                            "arn_suffix": "targetgroup/APP-Frontend/dcce8b22c96ae47b",
                            "connection_termination": "false",
                            "deregistration_delay": "300",
                            "health_check.#": "1",
                            "health_check.0.enabled": "true",
                            "health_check.0.healthy_threshold": "5",
                            "health_check.0.interval": "30",
                            "health_check.0.matcher": "",
                            "health_check.0.path": "",
                            "health_check.0.port": "traffic-port",
                            "health_check.0.protocol": "TCP",
                            "health_check.0.timeout": "10",
                            "health_check.0.unhealthy_threshold": "2",
                            "id": "arn:aws:elasticloadbalancing:ap-south-1:911167914217:targetgroup/APP-Frontend/dcce8b22c96ae47b",
                            "ip_address_type": "ipv4",
                            "load_balancer_arns.#": "1",
                            "load_balancer_arns.0": "arn:aws:elasticloadbalancing:ap-south-1:911167914217:loadbalancer/net/NLB-Frontend/9043e5df16603bc7",
                            "load_balancing_cross_zone_enabled": "use_load_balancer_configuration",
                            "name": "APP-Frontend",
                            "name_prefix": "",
                            "port": "80",
                            "preserve_client_ip": "true",
                            "protocol": "TCP",
                            "proxy_protocol_v2": "false",
                            "region": "ap-south-1",
                            "stickiness.#": "1",
                            "stickiness.0.cookie_duration": "0",
                            "stickiness.0.cookie_name": "",
                            "stickiness.0.enabled": "false",
                            "stickiness.0.type": "source_ip",
                            "tags.%": "0",
                            "tags_all.%": "0",
                            "target_control_port": "0",
                            "target_failover.#": "1",
                            "target_group_health.#": "1",
                            "target_group_health.0.dns_failover.#": "1",
                            "target_group_health.0.dns_failover.0.minimum_healthy_targets_count": "1",
                            "target_group_health.0.dns_failover.0.minimum_healthy_targets_percentage": "off",
                            "target_group_health.0.unhealthy_state_routing.#": "1",
                            "target_group_health.0.unhealthy_state_routing.0.minimum_healthy_targets_count": "1",
                            "target_group_health.0.unhealthy_state_routing.0.minimum_healthy_targets_percentage": "off",
                            "target_health_state.#": "1",
                            "target_health_state.0.enable_unhealthy_connection_termination": "true",
                            "target_health_state.0.unhealthy_draining_interval": "0",
                            "target_type": "instance",
                            "vpc_id": "vpc-040f940eeea978cf5"
                        },
                        "meta": {
                            "schema_version": 0
                        },
                        "tainted": false
                    },
                    "deposed": [],
                    "provider": "provider.aws"
                },
                "aws_lb_target_group.tfer--App-Back": {
                    "type": "aws_lb_target_group",
                    "depends_on": [],
                    "primary": {
                        "id": "arn:aws:elasticloadbalancing:ap-south-1:911167914217:targetgroup/App-Back/9a81a73ce92ea1f7",
                        "attributes": {
                            "arn": "arn:aws:elasticloadbalancing:ap-south-1:911167914217:targetgroup/App-Back/9a81a73ce92ea1f7",
                            "arn_suffix": "targetgroup/App-Back/9a81a73ce92ea1f7",
                            "connection_termination": "false",
                            "deregistration_delay": "300",
                            "health_check.#": "1",
                            "health_check.0.enabled": "true",
                            "health_check.0.healthy_threshold": "5",
                            "health_check.0.interval": "30",
                            "health_check.0.matcher": "",
                            "health_check.0.path": "",
                            "health_check.0.port": "traffic-port",
                            "health_check.0.protocol": "TCP",
                            "health_check.0.timeout": "6",
                            "health_check.0.unhealthy_threshold": "2",
                            "id": "arn:aws:elasticloadbalancing:ap-south-1:911167914217:targetgroup/App-Back/9a81a73ce92ea1f7",
                            "ip_address_type": "ipv4",
                            "load_balancer_arns.#": "1",
                            "load_balancer_arns.0": "arn:aws:elasticloadbalancing:ap-south-1:911167914217:loadbalancer/net/NLB-Backend/453a36208ea2ecd1",
                            "load_balancing_cross_zone_enabled": "use_load_balancer_configuration",
                            "name": "App-Back",
                            "name_prefix": "",
                            "port": "8080",
                            "preserve_client_ip": "true",
                            "protocol": "TCP",
                            "proxy_protocol_v2": "false",
                            "region": "ap-south-1",
                            "stickiness.#": "1",
                            "stickiness.0.cookie_duration": "0",
                            "stickiness.0.cookie_name": "",
                            "stickiness.0.enabled": "false",
                            "stickiness.0.type": "source_ip",
                            "tags.%": "0",
                            "tags_all.%": "0",
                            "target_control_port": "0",
                            "target_failover.#": "1",
                            "target_group_health.#": "1",
                            "target_group_health.0.dns_failover.#": "1",
                            "target_group_health.0.dns_failover.0.minimum_healthy_targets_count": "1",
                            "target_group_health.0.dns_failover.0.minimum_healthy_targets_percentage": "off",
                            "target_group_health.0.unhealthy_state_routing.#": "1",
                            "target_group_health.0.unhealthy_state_routing.0.minimum_healthy_targets_count": "1",
                            "target_group_health.0.unhealthy_state_routing.0.minimum_healthy_targets_percentage": "off",
                            "target_health_state.#": "1",
                            "target_health_state.0.enable_unhealthy_connection_termination": "true",
                            "target_health_state.0.unhealthy_draining_interval": "0",
                            "target_type": "instance",
                            "vpc_id": "vpc-040f940eeea978cf5"
                        },
                        "meta": {
                            "schema_version": 0
                        },
                        "tainted": false
                    },
                    "deposed": [],
                    "provider": "provider.aws"
                },
                "aws_lb_target_group.tfer--back": {
                    "type": "aws_lb_target_group",
                    "depends_on": [],
                    "primary": {
                        "id": "arn:aws:elasticloadbalancing:ap-south-1:911167914217:targetgroup/back/529e9060cf70ddde",
                        "attributes": {
                            "arn": "arn:aws:elasticloadbalancing:ap-south-1:911167914217:targetgroup/back/529e9060cf70ddde",
                            "arn_suffix": "targetgroup/back/529e9060cf70ddde",
                            "deregistration_delay": "300",
                            "health_check.#": "1",
                            "health_check.0.enabled": "true",
                            "health_check.0.healthy_threshold": "5",
                            "health_check.0.interval": "30",
                            "health_check.0.matcher": "200",
                            "health_check.0.path": "/",
                            "health_check.0.port": "traffic-port",
                            "health_check.0.protocol": "HTTP",
                            "health_check.0.timeout": "5",
                            "health_check.0.unhealthy_threshold": "2",
                            "id": "arn:aws:elasticloadbalancing:ap-south-1:911167914217:targetgroup/back/529e9060cf70ddde",
                            "ip_address_type": "ipv4",
                            "load_balancer_arns.#": "1",
                            "load_balancer_arns.0": "arn:aws:elasticloadbalancing:ap-south-1:911167914217:loadbalancer/app/ALB-Backend/99c6c573e1869c09",
                            "load_balancing_algorithm_type": "round_robin",
                            "load_balancing_anomaly_mitigation": "off",
                            "load_balancing_cross_zone_enabled": "use_load_balancer_configuration",
                            "name": "back",
                            "name_prefix": "",
                            "port": "80",
                            "protocol": "HTTP",
                            "protocol_version": "HTTP1",
                            "region": "ap-south-1",
                            "slow_start": "0",
                            "stickiness.#": "1",
                            "stickiness.0.cookie_duration": "86400",
                            "stickiness.0.cookie_name": "",
                            "stickiness.0.enabled": "false",
                            "stickiness.0.type": "lb_cookie",
                            "tags.%": "0",
                            "tags_all.%": "0",
                            "target_control_port": "0",
                            "target_failover.#": "1",
                            "target_group_health.#": "1",
                            "target_group_health.0.dns_failover.#": "1",
                            "target_group_health.0.dns_failover.0.minimum_healthy_targets_count": "1",
                            "target_group_health.0.dns_failover.0.minimum_healthy_targets_percentage": "off",
                            "target_group_health.0.unhealthy_state_routing.#": "1",
                            "target_group_health.0.unhealthy_state_routing.0.minimum_healthy_targets_count": "1",
                            "target_group_health.0.unhealthy_state_routing.0.minimum_healthy_targets_percentage": "off",
                            "target_health_state.#": "1",
                            "target_type": "instance",
                            "vpc_id": "vpc-040f940eeea978cf5"
                        },
                        "meta": {
                            "schema_version": 0
                        },
                        "tainted": false
                    },
                    "deposed": [],
                    "provider": "provider.aws"
                },
                "aws_lb_target_group_attachment.tfer--arn-003A-aws-003A-elasticloadbalancing-003A-ap-south-1-003A-911167914217-003A-targetgroup-002F-APP-Frontend-002F-dcce8b22c96ae47b-i-017b8cb78cbab98cb": {
                    "type": "aws_lb_target_group_attachment",
                    "depends_on": [],
                    "primary": {
                        "id": "arn:aws:elasticloadbalancing:ap-south-1:911167914217:targetgroup/APP-Frontend/dcce8b22c96ae47b-i-017b8cb78cbab98cb",
                        "attributes": {
                            "id": "arn:aws:elasticloadbalancing:ap-south-1:911167914217:targetgroup/APP-Frontend/dcce8b22c96ae47b-i-017b8cb78cbab98cb",
                            "region": "ap-south-1",
                            "target_group_arn": "arn:aws:elasticloadbalancing:ap-south-1:911167914217:targetgroup/APP-Frontend/dcce8b22c96ae47b",
                            "target_id": "i-017b8cb78cbab98cb"
                        },
                        "meta": {
                            "schema_version": 0
                        },
                        "tainted": false
                    },
                    "deposed": [],
                    "provider": "provider.aws"
                },
                "aws_lb_target_group_attachment.tfer--arn-003A-aws-003A-elasticloadbalancing-003A-ap-south-1-003A-911167914217-003A-targetgroup-002F-APP-Frontend-002F-dcce8b22c96ae47b-i-09b2834a446f25c5f": {
                    "type": "aws_lb_target_group_attachment",
                    "depends_on": [],
                    "primary": {
                        "id": "arn:aws:elasticloadbalancing:ap-south-1:911167914217:targetgroup/APP-Frontend/dcce8b22c96ae47b-i-09b2834a446f25c5f",
                        "attributes": {
                            "id": "arn:aws:elasticloadbalancing:ap-south-1:911167914217:targetgroup/APP-Frontend/dcce8b22c96ae47b-i-09b2834a446f25c5f",
                            "region": "ap-south-1",
                            "target_group_arn": "arn:aws:elasticloadbalancing:ap-south-1:911167914217:targetgroup/APP-Frontend/dcce8b22c96ae47b",
                            "target_id": "i-09b2834a446f25c5f"
                        },
                        "meta": {
                            "schema_version": 0
                        },
                        "tainted": false
                    },
                    "deposed": [],
                    "provider": "provider.aws"
                },
                "aws_lb_target_group_attachment.tfer--arn-003A-aws-003A-elasticloadbalancing-003A-ap-south-1-003A-911167914217-003A-targetgroup-002F-App-Back-002F-9a81a73ce92ea1f7-i-01fb317aecf8469e7": {
                    "type": "aws_lb_target_group_attachment",
                    "depends_on": [],
                    "primary": {
                        "id": "arn:aws:elasticloadbalancing:ap-south-1:911167914217:targetgroup/App-Back/9a81a73ce92ea1f7-i-01fb317aecf8469e7",
                        "attributes": {
                            "id": "arn:aws:elasticloadbalancing:ap-south-1:911167914217:targetgroup/App-Back/9a81a73ce92ea1f7-i-01fb317aecf8469e7",
                            "region": "ap-south-1",
                            "target_group_arn": "arn:aws:elasticloadbalancing:ap-south-1:911167914217:targetgroup/App-Back/9a81a73ce92ea1f7",
                            "target_id": "i-01fb317aecf8469e7"
                        },
                        "meta": {
                            "schema_version": 0
                        },
                        "tainted": false
                    },
                    "deposed": [],
                    "provider": "provider.aws"
                },
                "aws_lb_target_group_attachment.tfer--arn-003A-aws-003A-elasticloadbalancing-003A-ap-south-1-003A-911167914217-003A-targetgroup-002F-App-Back-002F-9a81a73ce92ea1f7-i-0a02e1f6b18a300c0": {
                    "type": "aws_lb_target_group_attachment",
                    "depends_on": [],
                    "primary": {
                        "id": "arn:aws:elasticloadbalancing:ap-south-1:911167914217:targetgroup/App-Back/9a81a73ce92ea1f7-i-0a02e1f6b18a300c0",
                        "attributes": {
                            "id": "arn:aws:elasticloadbalancing:ap-south-1:911167914217:targetgroup/App-Back/9a81a73ce92ea1f7-i-0a02e1f6b18a300c0",
                            "region": "ap-south-1",
                            "target_group_arn": "arn:aws:elasticloadbalancing:ap-south-1:911167914217:targetgroup/App-Back/9a81a73ce92ea1f7",
                            "target_id": "i-0a02e1f6b18a300c0"
                        },
                        "meta": {
                            "schema_version": 0
                        },
                        "tainted": false
                    },
                    "deposed": [],
                    "provider": "provider.aws"
                }
            },
            "depends_on": []
        }
    ]
}
