{
    "version": 3,
    "terraform_version": "0.12.31",
    "serial": 1,
    "lineage": "f0ce8a64-d69a-9055-1cb1-fa4658abb452",
    "modules": [
        {
            "path": [
                "root"
            ],
            "outputs": {
                "aws_ec2_transit_gateway_tfer--tgw-0b232d02ab2af1a16_id": {
                    "sensitive": false,
                    "type": "string",
                    "value": "tgw-0b232d02ab2af1a16"
                },
                "aws_ec2_transit_gateway_vpc_attachment_tfer--tgw-attach-0c51606dce9097a26_id": {
                    "sensitive": false,
                    "type": "string",
                    "value": "tgw-attach-0c51606dce9097a26"
                },
                "aws_ec2_transit_gateway_vpc_attachment_tfer--tgw-attach-0c5e62ae5ff979fad_id": {
                    "sensitive": false,
                    "type": "string",
                    "value": "tgw-attach-0c5e62ae5ff979fad"
                }
            },
            "resources": {
                "aws_ec2_transit_gateway.tfer--tgw-0b232d02ab2af1a16": {
                    "type": "aws_ec2_transit_gateway",
                    "depends_on": [],
                    "primary": {
                        "id": "tgw-0b232d02ab2af1a16",
                        "attributes": {
                            "amazon_side_asn": "64512",
                            "arn": "arn:aws:ec2:ap-south-1:911167914217:transit-gateway/tgw-0b232d02ab2af1a16",
                            "association_default_route_table_id": "tgw-rtb-0a56175be2888cc48",
                            "auto_accept_shared_attachments": "enable",
                            "default_route_table_association": "enable",
                            "default_route_table_propagation": "enable",
                            "description": "",
                            "dns_support": "enable",
                            "encryption_support": "disable",
                            "id": "tgw-0b232d02ab2af1a16",
                            "multicast_support": "disable",
                            "owner_id": "911167914217",
                            "propagation_default_route_table_id": "tgw-rtb-0a56175be2888cc48",
                            "region": "ap-south-1",
                            "security_group_referencing_support": "disable",
                            "tags.%": "1",
                            "tags.Name": "TG-APP",
                            "tags_all.%": "1",
                            "tags_all.Name": "TG-APP",
                            "transit_gateway_cidr_blocks.#": "0",
                            "vpn_ecmp_support": "enable"
                        },
                        "meta": {
                            "schema_version": 0
                        },
                        "tainted": false
                    },
                    "deposed": [],
                    "provider": "provider.aws"
                },
                "aws_ec2_transit_gateway_vpc_attachment.tfer--tgw-attach-0c51606dce9097a26": {
                    "type": "aws_ec2_transit_gateway_vpc_attachment",
                    "depends_on": [],
                    "primary": {
                        "id": "tgw-attach-0c51606dce9097a26",
                        "attributes": {
                            "appliance_mode_support": "disable",
                            "arn": "arn:aws:ec2:ap-south-1:911167914217:transit-gateway-attachment/tgw-attach-0c51606dce9097a26",
                            "dns_support": "enable",
                            "id": "tgw-attach-0c51606dce9097a26",
                            "ipv6_support": "disable",
                            "region": "ap-south-1",
                            "security_group_referencing_support": "enable",
                            "subnet_ids.#": "1",
                            "subnet_ids.0": "subnet-06d95c7cb8bfbf7c8",
                            "tags.%": "0",
                            "tags_all.%": "0",
                            "transit_gateway_default_route_table_association": "true",
                            "transit_gateway_default_route_table_propagation": "true",
                            "transit_gateway_id": "tgw-0b232d02ab2af1a16",
                            "vpc_id": "vpc-040f940eeea978cf5",
                            "vpc_owner_id": "911167914217"
                        },
                        "meta": {
                            "schema_version": 0
                        },
                        "tainted": false
                    },
                    "deposed": [],
                    "provider": "provider.aws"
                },
                "aws_ec2_transit_gateway_vpc_attachment.tfer--tgw-attach-0c5e62ae5ff979fad": {
                    "type": "aws_ec2_transit_gateway_vpc_attachment",
                    "depends_on": [],
                    "primary": {
                        "id": "tgw-attach-0c5e62ae5ff979fad",
                        "attributes": {
                            "appliance_mode_support": "disable",
                            "arn": "arn:aws:ec2:ap-south-1:911167914217:transit-gateway-attachment/tgw-attach-0c5e62ae5ff979fad",
                            "dns_support": "enable",
                            "id": "tgw-attach-0c5e62ae5ff979fad",
                            "ipv6_support": "disable",
                            "region": "ap-south-1",
                            "security_group_referencing_support": "enable",
                            "subnet_ids.#": "1",
                            "subnet_ids.0": "subnet-0ad6b66902b1c27df",
                            "tags.%": "0",
                            "tags_all.%": "0",
                            "transit_gateway_default_route_table_association": "true",
                            "transit_gateway_default_route_table_propagation": "true",
                            "transit_gateway_id": "tgw-0b232d02ab2af1a16",
                            "vpc_id": "vpc-0c1fc7a742a040dee",
                            "vpc_owner_id": "911167914217"
                        },
                        "meta": {
                            "schema_version": 0
                        },
                        "tainted": false
                    },
                    "deposed": [],
                    "provider": "provider.aws"
                }
            },
            "depends_on": []
        }
    ]
}
