{
    "version": 3,
    "terraform_version": "0.12.31",
    "serial": 1,
    "lineage": "7db58425-1aef-099d-73ee-bab934c0000f",
    "modules": [
        {
            "path": [
                "root"
            ],
            "outputs": {
                "aws_security_group_rule_tfer--sg-042b85cdaa391bf0a_egress_-1_-1_-1_0-002E-0-002E-0-002E-0-002F-0_id": {
                    "sensitive": false,
                    "type": "string",
                    "value": "sgrule-358870805"
                },
                "aws_security_group_rule_tfer--sg-042b85cdaa391bf0a_ingress_tcp_22_22_10-002E-0-002E-0-002E-0-002F-16_id": {
                    "sensitive": false,
                    "type": "string",
                    "value": "sgrule-2705436385"
                },
                "aws_security_group_rule_tfer--sg-042b85cdaa391bf0a_ingress_tcp_3306_3306_sg-0a3f5866ca01859b3_id": {
                    "sensitive": false,
                    "type": "string",
                    "value": "sgrule-3739976111"
                },
                "aws_security_group_tfer--APP-Backend_sg-0a3f5866ca01859b3_id": {
                    "sensitive": false,
                    "type": "string",
                    "value": "sg-0a3f5866ca01859b3"
                },
                "aws_security_group_tfer--APP-Frontend_sg-0592ea2263a80be04_id": {
                    "sensitive": false,
                    "type": "string",
                    "value": "sg-0592ea2263a80be04"
                },
                "aws_security_group_tfer--DB_sg-042b85cdaa391bf0a_id": {
                    "sensitive": false,
                    "type": "string",
                    "value": "sg-042b85cdaa391bf0a"
                },
                "aws_security_group_tfer--NLB-Backend_sg-0c79d7d7da344e618_id": {
                    "sensitive": false,
                    "type": "string",
                    "value": "sg-0c79d7d7da344e618"
                },
                "aws_security_group_tfer--NLB-Frontend_sg-04eaa21be3eec71b6_id": {
                    "sensitive": false,
                    "type": "string",
                    "value": "sg-04eaa21be3eec71b6"
                },
                "aws_security_group_tfer--default_sg-02b7d5bb9188c2f4b_id": {
                    "sensitive": false,
                    "type": "string",
                    "value": "sg-02b7d5bb9188c2f4b"
                },
                "aws_security_group_tfer--default_sg-0a285b9cfd251165b_id": {
                    "sensitive": false,
                    "type": "string",
                    "value": "sg-0a285b9cfd251165b"
                },
                "aws_security_group_tfer--default_sg-0ee1ff53978e8f8bc_id": {
                    "sensitive": false,
                    "type": "string",
                    "value": "sg-0ee1ff53978e8f8bc"
                },
                "aws_security_group_tfer--launch-wizard-1_sg-0558f577b6970253b_id": {
                    "sensitive": false,
                    "type": "string",
                    "value": "sg-0558f577b6970253b"
                },
                "aws_security_group_tfer--launch-wizard-2_sg-0505ef4d93d3b99c4_id": {
                    "sensitive": false,
                    "type": "string",
                    "value": "sg-0505ef4d93d3b99c4"
                },
                "aws_security_group_tfer--launch-wizard-3_sg-01e31f7b4dc5c1c70_id": {
                    "sensitive": false,
                    "type": "string",
                    "value": "sg-01e31f7b4dc5c1c70"
                }
            },
            "resources": {
                "aws_security_group.tfer--APP-Backend_sg-0a3f5866ca01859b3": {
                    "type": "aws_security_group",
                    "depends_on": [],
                    "primary": {
                        "id": "sg-0a3f5866ca01859b3",
                        "attributes": {
                            "arn": "arn:aws:ec2:ap-south-1:911167914217:security-group/sg-0a3f5866ca01859b3",
                            "description": "launch-wizard-4 created 2026-05-10T09:51:27.660Z",
                            "egress.#": "1",
                            "egress.0.cidr_blocks.#": "1",
                            "egress.0.cidr_blocks.0": "0.0.0.0/0",
                            "egress.0.description": "",
                            "egress.0.from_port": "0",
                            "egress.0.ipv6_cidr_blocks.#": "0",
                            "egress.0.prefix_list_ids.#": "0",
                            "egress.0.protocol": "-1",
                            "egress.0.security_groups.#": "0",
                            "egress.0.self": "false",
                            "egress.0.to_port": "0",
                            "id": "sg-0a3f5866ca01859b3",
                            "ingress.#": "5",
                            "ingress.0.cidr_blocks.#": "1",
                            "ingress.0.cidr_blocks.0": "0.0.0.0/0",
                            "ingress.0.description": "",
                            "ingress.0.from_port": "443",
                            "ingress.0.ipv6_cidr_blocks.#": "0",
                            "ingress.0.prefix_list_ids.#": "0",
                            "ingress.0.protocol": "tcp",
                            "ingress.0.security_groups.#": "0",
                            "ingress.0.self": "false",
                            "ingress.0.to_port": "443",
                            "ingress.1.cidr_blocks.#": "1",
                            "ingress.1.cidr_blocks.0": "10.0.0.0/16",
                            "ingress.1.description": "",
                            "ingress.1.from_port": "22",
                            "ingress.1.ipv6_cidr_blocks.#": "0",
                            "ingress.1.prefix_list_ids.#": "0",
                            "ingress.1.protocol": "tcp",
                            "ingress.1.security_groups.#": "0",
                            "ingress.1.self": "false",
                            "ingress.1.to_port": "22",
                            "ingress.2.cidr_blocks.#": "1",
                            "ingress.2.cidr_blocks.0": "172.32.0.0/16",
                            "ingress.2.description": "",
                            "ingress.2.from_port": "8080",
                            "ingress.2.ipv6_cidr_blocks.#": "0",
                            "ingress.2.prefix_list_ids.#": "0",
                            "ingress.2.protocol": "tcp",
                            "ingress.2.security_groups.#": "0",
                            "ingress.2.self": "false",
                            "ingress.2.to_port": "8080",
                            "ingress.3.cidr_blocks.#": "1",
                            "ingress.3.cidr_blocks.0": "172.32.0.0/16",
                            "ingress.3.description": "",
                            "ingress.3.from_port": "80",
                            "ingress.3.ipv6_cidr_blocks.#": "0",
                            "ingress.3.prefix_list_ids.#": "0",
                            "ingress.3.protocol": "tcp",
                            "ingress.3.security_groups.#": "0",
                            "ingress.3.self": "false",
                            "ingress.3.to_port": "80",
                            "ingress.4.cidr_blocks.#": "0",
                            "ingress.4.description": "",
                            "ingress.4.from_port": "3306",
                            "ingress.4.ipv6_cidr_blocks.#": "0",
                            "ingress.4.prefix_list_ids.#": "0",
                            "ingress.4.protocol": "tcp",
                            "ingress.4.security_groups.#": "1",
                            "ingress.4.security_groups.0": "sg-042b85cdaa391bf0a",
                            "ingress.4.self": "false",
                            "ingress.4.to_port": "3306",
                            "name": "APP-Backend",
                            "name_prefix": "",
                            "owner_id": "911167914217",
                            "region": "ap-south-1",
                            "tags.%": "0",
                            "tags_all.%": "0",
                            "vpc_id": "vpc-040f940eeea978cf5"
                        },
                        "meta": {
                            "schema_version": 1
                        },
                        "tainted": false
                    },
                    "deposed": [],
                    "provider": "provider.aws"
                },
                "aws_security_group.tfer--APP-Frontend_sg-0592ea2263a80be04": {
                    "type": "aws_security_group",
                    "depends_on": [],
                    "primary": {
                        "id": "sg-0592ea2263a80be04",
                        "attributes": {
                            "arn": "arn:aws:ec2:ap-south-1:911167914217:security-group/sg-0592ea2263a80be04",
                            "description": "launch-wizard-4 created 2026-05-10T09:44:21.351Z",
                            "egress.#": "1",
                            "egress.0.cidr_blocks.#": "1",
                            "egress.0.cidr_blocks.0": "0.0.0.0/0",
                            "egress.0.description": "",
                            "egress.0.from_port": "0",
                            "egress.0.ipv6_cidr_blocks.#": "0",
                            "egress.0.prefix_list_ids.#": "0",
                            "egress.0.protocol": "-1",
                            "egress.0.security_groups.#": "0",
                            "egress.0.self": "false",
                            "egress.0.to_port": "0",
                            "id": "sg-0592ea2263a80be04",
                            "ingress.#": "2",
                            "ingress.0.cidr_blocks.#": "1",
                            "ingress.0.cidr_blocks.0": "0.0.0.0/0",
                            "ingress.0.description": "",
                            "ingress.0.from_port": "22",
                            "ingress.0.ipv6_cidr_blocks.#": "0",
                            "ingress.0.prefix_list_ids.#": "0",
                            "ingress.0.protocol": "tcp",
                            "ingress.0.security_groups.#": "0",
                            "ingress.0.self": "false",
                            "ingress.0.to_port": "22",
                            "ingress.1.cidr_blocks.#": "1",
                            "ingress.1.cidr_blocks.0": "0.0.0.0/0",
                            "ingress.1.description": "",
                            "ingress.1.from_port": "80",
                            "ingress.1.ipv6_cidr_blocks.#": "0",
                            "ingress.1.prefix_list_ids.#": "0",
                            "ingress.1.protocol": "tcp",
                            "ingress.1.security_groups.#": "0",
                            "ingress.1.self": "false",
                            "ingress.1.to_port": "80",
                            "name": "APP-Frontend",
                            "name_prefix": "",
                            "owner_id": "911167914217",
                            "region": "ap-south-1",
                            "tags.%": "0",
                            "tags_all.%": "0",
                            "vpc_id": "vpc-040f940eeea978cf5"
                        },
                        "meta": {
                            "schema_version": 1
                        },
                        "tainted": false
                    },
                    "deposed": [],
                    "provider": "provider.aws"
                },
                "aws_security_group.tfer--DB_sg-042b85cdaa391bf0a": {
                    "type": "aws_security_group",
                    "depends_on": [],
                    "primary": {
                        "id": "sg-042b85cdaa391bf0a",
                        "attributes": {
                            "arn": "arn:aws:ec2:ap-south-1:911167914217:security-group/sg-042b85cdaa391bf0a",
                            "description": "launch-wizard-4 created 2026-05-12T06:38:11.589Z",
                            "egress.#": "1",
                            "egress.0.cidr_blocks.#": "1",
                            "egress.0.cidr_blocks.0": "0.0.0.0/0",
                            "egress.0.description": "",
                            "egress.0.from_port": "0",
                            "egress.0.ipv6_cidr_blocks.#": "0",
                            "egress.0.prefix_list_ids.#": "0",
                            "egress.0.protocol": "-1",
                            "egress.0.security_groups.#": "0",
                            "egress.0.self": "false",
                            "egress.0.to_port": "0",
                            "id": "sg-042b85cdaa391bf0a",
                            "ingress.#": "2",
                            "ingress.0.cidr_blocks.#": "1",
                            "ingress.0.cidr_blocks.0": "10.0.0.0/16",
                            "ingress.0.description": "",
                            "ingress.0.from_port": "22",
                            "ingress.0.ipv6_cidr_blocks.#": "0",
                            "ingress.0.prefix_list_ids.#": "0",
                            "ingress.0.protocol": "tcp",
                            "ingress.0.security_groups.#": "0",
                            "ingress.0.self": "false",
                            "ingress.0.to_port": "22",
                            "ingress.1.cidr_blocks.#": "0",
                            "ingress.1.description": "",
                            "ingress.1.from_port": "3306",
                            "ingress.1.ipv6_cidr_blocks.#": "0",
                            "ingress.1.prefix_list_ids.#": "0",
                            "ingress.1.protocol": "tcp",
                            "ingress.1.security_groups.#": "1",
                            "ingress.1.security_groups.0": "sg-0a3f5866ca01859b3",
                            "ingress.1.self": "false",
                            "ingress.1.to_port": "3306",
                            "name": "DB",
                            "name_prefix": "",
                            "owner_id": "911167914217",
                            "region": "ap-south-1",
                            "tags.%": "0",
                            "tags_all.%": "0",
                            "vpc_id": "vpc-040f940eeea978cf5"
                        },
                        "meta": {
                            "schema_version": 1
                        },
                        "tainted": false
                    },
                    "deposed": [],
                    "provider": "provider.aws"
                },
                "aws_security_group.tfer--NLB-Backend_sg-0c79d7d7da344e618": {
                    "type": "aws_security_group",
                    "depends_on": [],
                    "primary": {
                        "id": "sg-0c79d7d7da344e618",
                        "attributes": {
                            "arn": "arn:aws:ec2:ap-south-1:911167914217:security-group/sg-0c79d7d7da344e618",
                            "description": "NLB-Backend",
                            "egress.#": "1",
                            "egress.0.cidr_blocks.#": "1",
                            "egress.0.cidr_blocks.0": "0.0.0.0/0",
                            "egress.0.description": "",
                            "egress.0.from_port": "0",
                            "egress.0.ipv6_cidr_blocks.#": "0",
                            "egress.0.prefix_list_ids.#": "0",
                            "egress.0.protocol": "-1",
                            "egress.0.security_groups.#": "0",
                            "egress.0.self": "false",
                            "egress.0.to_port": "0",
                            "id": "sg-0c79d7d7da344e618",
                            "ingress.#": "1",
                            "ingress.0.cidr_blocks.#": "0",
                            "ingress.0.description": "",
                            "ingress.0.from_port": "80",
                            "ingress.0.ipv6_cidr_blocks.#": "0",
                            "ingress.0.prefix_list_ids.#": "0",
                            "ingress.0.protocol": "tcp",
                            "ingress.0.security_groups.#": "1",
                            "ingress.0.security_groups.0": "sg-0592ea2263a80be04",
                            "ingress.0.self": "false",
                            "ingress.0.to_port": "80",
                            "name": "NLB-Backend",
                            "name_prefix": "",
                            "owner_id": "911167914217",
                            "region": "ap-south-1",
                            "tags.%": "0",
                            "tags_all.%": "0",
                            "vpc_id": "vpc-040f940eeea978cf5"
                        },
                        "meta": {
                            "schema_version": 1
                        },
                        "tainted": false
                    },
                    "deposed": [],
                    "provider": "provider.aws"
                },
                "aws_security_group.tfer--NLB-Frontend_sg-04eaa21be3eec71b6": {
                    "type": "aws_security_group",
                    "depends_on": [],
                    "primary": {
                        "id": "sg-04eaa21be3eec71b6",
                        "attributes": {
                            "arn": "arn:aws:ec2:ap-south-1:911167914217:security-group/sg-04eaa21be3eec71b6",
                            "description": "NLB-Frontend",
                            "egress.#": "1",
                            "egress.0.cidr_blocks.#": "1",
                            "egress.0.cidr_blocks.0": "0.0.0.0/0",
                            "egress.0.description": "",
                            "egress.0.from_port": "0",
                            "egress.0.ipv6_cidr_blocks.#": "0",
                            "egress.0.prefix_list_ids.#": "0",
                            "egress.0.protocol": "-1",
                            "egress.0.security_groups.#": "0",
                            "egress.0.self": "false",
                            "egress.0.to_port": "0",
                            "id": "sg-04eaa21be3eec71b6",
                            "ingress.#": "1",
                            "ingress.0.cidr_blocks.#": "1",
                            "ingress.0.cidr_blocks.0": "0.0.0.0/0",
                            "ingress.0.description": "",
                            "ingress.0.from_port": "80",
                            "ingress.0.ipv6_cidr_blocks.#": "0",
                            "ingress.0.prefix_list_ids.#": "0",
                            "ingress.0.protocol": "tcp",
                            "ingress.0.security_groups.#": "0",
                            "ingress.0.self": "false",
                            "ingress.0.to_port": "80",
                            "name": "NLB-Frontend",
                            "name_prefix": "",
                            "owner_id": "911167914217",
                            "region": "ap-south-1",
                            "tags.%": "0",
                            "tags_all.%": "0",
                            "vpc_id": "vpc-040f940eeea978cf5"
                        },
                        "meta": {
                            "schema_version": 1
                        },
                        "tainted": false
                    },
                    "deposed": [],
                    "provider": "provider.aws"
                },
                "aws_security_group.tfer--default_sg-02b7d5bb9188c2f4b": {
                    "type": "aws_security_group",
                    "depends_on": [],
                    "primary": {
                        "id": "sg-02b7d5bb9188c2f4b",
                        "attributes": {
                            "arn": "arn:aws:ec2:ap-south-1:911167914217:security-group/sg-02b7d5bb9188c2f4b",
                            "description": "default VPC security group",
                            "egress.#": "1",
                            "egress.0.cidr_blocks.#": "1",
                            "egress.0.cidr_blocks.0": "0.0.0.0/0",
                            "egress.0.description": "",
                            "egress.0.from_port": "0",
                            "egress.0.ipv6_cidr_blocks.#": "0",
                            "egress.0.prefix_list_ids.#": "0",
                            "egress.0.protocol": "-1",
                            "egress.0.security_groups.#": "0",
                            "egress.0.self": "false",
                            "egress.0.to_port": "0",
                            "id": "sg-02b7d5bb9188c2f4b",
                            "ingress.#": "1",
                            "ingress.0.cidr_blocks.#": "0",
                            "ingress.0.description": "",
                            "ingress.0.from_port": "0",
                            "ingress.0.ipv6_cidr_blocks.#": "0",
                            "ingress.0.prefix_list_ids.#": "0",
                            "ingress.0.protocol": "-1",
                            "ingress.0.security_groups.#": "0",
                            "ingress.0.self": "true",
                            "ingress.0.to_port": "0",
                            "name": "default",
                            "name_prefix": "",
                            "owner_id": "911167914217",
                            "region": "ap-south-1",
                            "tags.%": "0",
                            "tags_all.%": "0",
                            "vpc_id": "vpc-0c1fc7a742a040dee"
                        },
                        "meta": {
                            "schema_version": 1
                        },
                        "tainted": false
                    },
                    "deposed": [],
                    "provider": "provider.aws"
                },
                "aws_security_group.tfer--default_sg-0a285b9cfd251165b": {
                    "type": "aws_security_group",
                    "depends_on": [],
                    "primary": {
                        "id": "sg-0a285b9cfd251165b",
                        "attributes": {
                            "arn": "arn:aws:ec2:ap-south-1:911167914217:security-group/sg-0a285b9cfd251165b",
                            "description": "default VPC security group",
                            "egress.#": "1",
                            "egress.0.cidr_blocks.#": "1",
                            "egress.0.cidr_blocks.0": "0.0.0.0/0",
                            "egress.0.description": "",
                            "egress.0.from_port": "0",
                            "egress.0.ipv6_cidr_blocks.#": "0",
                            "egress.0.prefix_list_ids.#": "0",
                            "egress.0.protocol": "-1",
                            "egress.0.security_groups.#": "0",
                            "egress.0.self": "false",
                            "egress.0.to_port": "0",
                            "id": "sg-0a285b9cfd251165b",
                            "ingress.#": "1",
                            "ingress.0.cidr_blocks.#": "0",
                            "ingress.0.description": "",
                            "ingress.0.from_port": "0",
                            "ingress.0.ipv6_cidr_blocks.#": "0",
                            "ingress.0.prefix_list_ids.#": "0",
                            "ingress.0.protocol": "-1",
                            "ingress.0.security_groups.#": "0",
                            "ingress.0.self": "true",
                            "ingress.0.to_port": "0",
                            "name": "default",
                            "name_prefix": "",
                            "owner_id": "911167914217",
                            "region": "ap-south-1",
                            "tags.%": "0",
                            "tags_all.%": "0",
                            "vpc_id": "vpc-0dea0bee6eb53fc42"
                        },
                        "meta": {
                            "schema_version": 1
                        },
                        "tainted": false
                    },
                    "deposed": [],
                    "provider": "provider.aws"
                },
                "aws_security_group.tfer--default_sg-0ee1ff53978e8f8bc": {
                    "type": "aws_security_group",
                    "depends_on": [],
                    "primary": {
                        "id": "sg-0ee1ff53978e8f8bc",
                        "attributes": {
                            "arn": "arn:aws:ec2:ap-south-1:911167914217:security-group/sg-0ee1ff53978e8f8bc",
                            "description": "default VPC security group",
                            "egress.#": "1",
                            "egress.0.cidr_blocks.#": "1",
                            "egress.0.cidr_blocks.0": "0.0.0.0/0",
                            "egress.0.description": "",
                            "egress.0.from_port": "0",
                            "egress.0.ipv6_cidr_blocks.#": "0",
                            "egress.0.prefix_list_ids.#": "0",
                            "egress.0.protocol": "-1",
                            "egress.0.security_groups.#": "0",
                            "egress.0.self": "false",
                            "egress.0.to_port": "0",
                            "id": "sg-0ee1ff53978e8f8bc",
                            "ingress.#": "1",
                            "ingress.0.cidr_blocks.#": "0",
                            "ingress.0.description": "",
                            "ingress.0.from_port": "0",
                            "ingress.0.ipv6_cidr_blocks.#": "0",
                            "ingress.0.prefix_list_ids.#": "0",
                            "ingress.0.protocol": "-1",
                            "ingress.0.security_groups.#": "0",
                            "ingress.0.self": "true",
                            "ingress.0.to_port": "0",
                            "name": "default",
                            "name_prefix": "",
                            "owner_id": "911167914217",
                            "region": "ap-south-1",
                            "tags.%": "0",
                            "tags_all.%": "0",
                            "vpc_id": "vpc-040f940eeea978cf5"
                        },
                        "meta": {
                            "schema_version": 1
                        },
                        "tainted": false
                    },
                    "deposed": [],
                    "provider": "provider.aws"
                },
                "aws_security_group.tfer--launch-wizard-1_sg-0558f577b6970253b": {
                    "type": "aws_security_group",
                    "depends_on": [],
                    "primary": {
                        "id": "sg-0558f577b6970253b",
                        "attributes": {
                            "arn": "arn:aws:ec2:ap-south-1:911167914217:security-group/sg-0558f577b6970253b",
                            "description": "launch-wizard-1 created 2026-05-04T12:10:57.363Z",
                            "egress.#": "1",
                            "egress.0.cidr_blocks.#": "1",
                            "egress.0.cidr_blocks.0": "0.0.0.0/0",
                            "egress.0.description": "",
                            "egress.0.from_port": "0",
                            "egress.0.ipv6_cidr_blocks.#": "0",
                            "egress.0.prefix_list_ids.#": "0",
                            "egress.0.protocol": "-1",
                            "egress.0.security_groups.#": "0",
                            "egress.0.self": "false",
                            "egress.0.to_port": "0",
                            "id": "sg-0558f577b6970253b",
                            "ingress.#": "3",
                            "ingress.0.cidr_blocks.#": "1",
                            "ingress.0.cidr_blocks.0": "0.0.0.0/0",
                            "ingress.0.description": "",
                            "ingress.0.from_port": "22",
                            "ingress.0.ipv6_cidr_blocks.#": "0",
                            "ingress.0.prefix_list_ids.#": "0",
                            "ingress.0.protocol": "tcp",
                            "ingress.0.security_groups.#": "0",
                            "ingress.0.self": "false",
                            "ingress.0.to_port": "22",
                            "ingress.1.cidr_blocks.#": "1",
                            "ingress.1.cidr_blocks.0": "0.0.0.0/0",
                            "ingress.1.description": "",
                            "ingress.1.from_port": "8080",
                            "ingress.1.ipv6_cidr_blocks.#": "0",
                            "ingress.1.prefix_list_ids.#": "0",
                            "ingress.1.protocol": "tcp",
                            "ingress.1.security_groups.#": "0",
                            "ingress.1.self": "false",
                            "ingress.1.to_port": "8080",
                            "ingress.2.cidr_blocks.#": "1",
                            "ingress.2.cidr_blocks.0": "0.0.0.0/0",
                            "ingress.2.description": "",
                            "ingress.2.from_port": "9090",
                            "ingress.2.ipv6_cidr_blocks.#": "0",
                            "ingress.2.prefix_list_ids.#": "0",
                            "ingress.2.protocol": "tcp",
                            "ingress.2.security_groups.#": "0",
                            "ingress.2.self": "false",
                            "ingress.2.to_port": "9090",
                            "name": "launch-wizard-1",
                            "name_prefix": "",
                            "owner_id": "911167914217",
                            "region": "ap-south-1",
                            "tags.%": "0",
                            "tags_all.%": "0",
                            "vpc_id": "vpc-0dea0bee6eb53fc42"
                        },
                        "meta": {
                            "schema_version": 1
                        },
                        "tainted": false
                    },
                    "deposed": [],
                    "provider": "provider.aws"
                },
                "aws_security_group.tfer--launch-wizard-2_sg-0505ef4d93d3b99c4": {
                    "type": "aws_security_group",
                    "depends_on": [],
                    "primary": {
                        "id": "sg-0505ef4d93d3b99c4",
                        "attributes": {
                            "arn": "arn:aws:ec2:ap-south-1:911167914217:security-group/sg-0505ef4d93d3b99c4",
                            "description": "launch-wizard-2 created 2026-05-08T06:20:42.136Z",
                            "egress.#": "1",
                            "egress.0.cidr_blocks.#": "1",
                            "egress.0.cidr_blocks.0": "0.0.0.0/0",
                            "egress.0.description": "",
                            "egress.0.from_port": "0",
                            "egress.0.ipv6_cidr_blocks.#": "0",
                            "egress.0.prefix_list_ids.#": "0",
                            "egress.0.protocol": "-1",
                            "egress.0.security_groups.#": "0",
                            "egress.0.self": "false",
                            "egress.0.to_port": "0",
                            "id": "sg-0505ef4d93d3b99c4",
                            "ingress.#": "1",
                            "ingress.0.cidr_blocks.#": "1",
                            "ingress.0.cidr_blocks.0": "0.0.0.0/0",
                            "ingress.0.description": "",
                            "ingress.0.from_port": "22",
                            "ingress.0.ipv6_cidr_blocks.#": "0",
                            "ingress.0.prefix_list_ids.#": "0",
                            "ingress.0.protocol": "tcp",
                            "ingress.0.security_groups.#": "0",
                            "ingress.0.self": "false",
                            "ingress.0.to_port": "22",
                            "name": "launch-wizard-2",
                            "name_prefix": "",
                            "owner_id": "911167914217",
                            "region": "ap-south-1",
                            "tags.%": "0",
                            "tags_all.%": "0",
                            "vpc_id": "vpc-0dea0bee6eb53fc42"
                        },
                        "meta": {
                            "schema_version": 1
                        },
                        "tainted": false
                    },
                    "deposed": [],
                    "provider": "provider.aws"
                },
                "aws_security_group.tfer--launch-wizard-3_sg-01e31f7b4dc5c1c70": {
                    "type": "aws_security_group",
                    "depends_on": [],
                    "primary": {
                        "id": "sg-01e31f7b4dc5c1c70",
                        "attributes": {
                            "arn": "arn:aws:ec2:ap-south-1:911167914217:security-group/sg-01e31f7b4dc5c1c70",
                            "description": "launch-wizard-3 created 2026-05-10T09:42:38.294Z",
                            "egress.#": "1",
                            "egress.0.cidr_blocks.#": "1",
                            "egress.0.cidr_blocks.0": "0.0.0.0/0",
                            "egress.0.description": "",
                            "egress.0.from_port": "0",
                            "egress.0.ipv6_cidr_blocks.#": "0",
                            "egress.0.prefix_list_ids.#": "0",
                            "egress.0.protocol": "-1",
                            "egress.0.security_groups.#": "0",
                            "egress.0.self": "false",
                            "egress.0.to_port": "0",
                            "id": "sg-01e31f7b4dc5c1c70",
                            "ingress.#": "1",
                            "ingress.0.cidr_blocks.#": "1",
                            "ingress.0.cidr_blocks.0": "0.0.0.0/0",
                            "ingress.0.description": "",
                            "ingress.0.from_port": "22",
                            "ingress.0.ipv6_cidr_blocks.#": "0",
                            "ingress.0.prefix_list_ids.#": "0",
                            "ingress.0.protocol": "tcp",
                            "ingress.0.security_groups.#": "0",
                            "ingress.0.self": "false",
                            "ingress.0.to_port": "22",
                            "name": "launch-wizard-3",
                            "name_prefix": "",
                            "owner_id": "911167914217",
                            "region": "ap-south-1",
                            "tags.%": "0",
                            "tags_all.%": "0",
                            "vpc_id": "vpc-0c1fc7a742a040dee"
                        },
                        "meta": {
                            "schema_version": 1
                        },
                        "tainted": false
                    },
                    "deposed": [],
                    "provider": "provider.aws"
                },
                "aws_security_group_rule.tfer--sg-042b85cdaa391bf0a_egress_-1_-1_-1_0-002E-0-002E-0-002E-0-002F-0": {
                    "type": "aws_security_group_rule",
                    "depends_on": [],
                    "primary": {
                        "id": "sgrule-358870805",
                        "attributes": {
                            "cidr_blocks.#": "1",
                            "cidr_blocks.0": "0.0.0.0/0",
                            "from_port": "0",
                            "id": "sgrule-358870805",
                            "ipv6_cidr_blocks.#": "0",
                            "prefix_list_ids.#": "0",
                            "protocol": "-1",
                            "region": "ap-south-1",
                            "security_group_id": "sg-042b85cdaa391bf0a",
                            "security_group_rule_id": "sgr-0fb18b451f3b9b92f",
                            "to_port": "0",
                            "type": "egress"
                        },
                        "meta": {
                            "schema_version": 2
                        },
                        "tainted": false
                    },
                    "deposed": [],
                    "provider": "provider.aws"
                },
                "aws_security_group_rule.tfer--sg-042b85cdaa391bf0a_ingress_tcp_22_22_10-002E-0-002E-0-002E-0-002F-16": {
                    "type": "aws_security_group_rule",
                    "depends_on": [],
                    "primary": {
                        "id": "sgrule-2705436385",
                        "attributes": {
                            "cidr_blocks.#": "1",
                            "cidr_blocks.0": "10.0.0.0/16",
                            "from_port": "22",
                            "id": "sgrule-2705436385",
                            "ipv6_cidr_blocks.#": "0",
                            "prefix_list_ids.#": "0",
                            "protocol": "tcp",
                            "region": "ap-south-1",
                            "security_group_id": "sg-042b85cdaa391bf0a",
                            "security_group_rule_id": "sgr-06398bab641ea6ebe",
                            "to_port": "22",
                            "type": "ingress"
                        },
                        "meta": {
                            "schema_version": 2
                        },
                        "tainted": false
                    },
                    "deposed": [],
                    "provider": "provider.aws"
                },
                "aws_security_group_rule.tfer--sg-042b85cdaa391bf0a_ingress_tcp_3306_3306_sg-0a3f5866ca01859b3": {
                    "type": "aws_security_group_rule",
                    "depends_on": [],
                    "primary": {
                        "id": "sgrule-3739976111",
                        "attributes": {
                            "from_port": "3306",
                            "id": "sgrule-3739976111",
                            "prefix_list_ids.#": "0",
                            "protocol": "tcp",
                            "region": "ap-south-1",
                            "security_group_id": "sg-042b85cdaa391bf0a",
                            "security_group_rule_id": "sgr-0f1c5959938a027fa",
                            "source_security_group_id": "sg-0a3f5866ca01859b3",
                            "to_port": "3306",
                            "type": "ingress"
                        },
                        "meta": {
                            "schema_version": 2
                        },
                        "tainted": false
                    },
                    "deposed": [],
                    "provider": "provider.aws"
                }
            },
            "depends_on": []
        }
    ]
}
