{
    "version": 3,
    "terraform_version": "0.12.31",
    "serial": 1,
    "lineage": "7255221c-7e84-f248-05e2-61a28927d868",
    "modules": [
        {
            "path": [
                "root"
            ],
            "outputs": {
                "aws_main_route_table_association_tfer--vpc-040f940eeea978cf5_id": {
                    "sensitive": false,
                    "type": "string",
                    "value": "rtbassoc-0bd8a7b5a144e3cb9"
                },
                "aws_main_route_table_association_tfer--vpc-0c1fc7a742a040dee_id": {
                    "sensitive": false,
                    "type": "string",
                    "value": "rtbassoc-0c340990aa5840a81"
                },
                "aws_main_route_table_association_tfer--vpc-0dea0bee6eb53fc42_id": {
                    "sensitive": false,
                    "type": "string",
                    "value": "rtbassoc-0e1a9bb2a6ac2713f"
                },
                "aws_route_table_association_tfer--nat-1446a39aa145b68c8_id": {
                    "sensitive": false,
                    "type": "string",
                    "value": "rtbassoc-0dafb1587f0bf48ed"
                },
                "aws_route_table_association_tfer--subnet-029ceac41f59c6587_id": {
                    "sensitive": false,
                    "type": "string",
                    "value": "rtbassoc-0651c660373c53f44"
                },
                "aws_route_table_association_tfer--subnet-045142dc209ca5656_id": {
                    "sensitive": false,
                    "type": "string",
                    "value": "rtbassoc-00a9a12df909de37e"
                },
                "aws_route_table_association_tfer--subnet-06d95c7cb8bfbf7c8_id": {
                    "sensitive": false,
                    "type": "string",
                    "value": "rtbassoc-0f3e683485ebd192d"
                },
                "aws_route_table_association_tfer--subnet-0ad6b66902b1c27df_id": {
                    "sensitive": false,
                    "type": "string",
                    "value": "rtbassoc-0356bbcfdc65c01d3"
                },
                "aws_route_table_association_tfer--subnet-0f4f1bc3197896124_id": {
                    "sensitive": false,
                    "type": "string",
                    "value": "rtbassoc-0a7977fd96094d93c"
                },
                "aws_route_table_tfer--rtb-01e8b3eb586294a46_id": {
                    "sensitive": false,
                    "type": "string",
                    "value": "rtb-01e8b3eb586294a46"
                },
                "aws_route_table_tfer--rtb-01edd0d60730c5a84_id": {
                    "sensitive": false,
                    "type": "string",
                    "value": "rtb-01edd0d60730c5a84"
                },
                "aws_route_table_tfer--rtb-057d05b7dcba5f953_id": {
                    "sensitive": false,
                    "type": "string",
                    "value": "rtb-057d05b7dcba5f953"
                },
                "aws_route_table_tfer--rtb-06ce98a21de384fea_id": {
                    "sensitive": false,
                    "type": "string",
                    "value": "rtb-06ce98a21de384fea"
                },
                "aws_route_table_tfer--rtb-074719bdc524322ec_id": {
                    "sensitive": false,
                    "type": "string",
                    "value": "rtb-074719bdc524322ec"
                },
                "aws_route_table_tfer--rtb-098caedbcb88f18fe_id": {
                    "sensitive": false,
                    "type": "string",
                    "value": "rtb-098caedbcb88f18fe"
                },
                "aws_route_table_tfer--rtb-0d56a9549268d5dc6_id": {
                    "sensitive": false,
                    "type": "string",
                    "value": "rtb-0d56a9549268d5dc6"
                },
                "aws_route_table_tfer--rtb-0e8d26614e74151ff_id": {
                    "sensitive": false,
                    "type": "string",
                    "value": "rtb-0e8d26614e74151ff"
                }
            },
            "resources": {
                "aws_main_route_table_association.tfer--vpc-040f940eeea978cf5": {
                    "type": "aws_main_route_table_association",
                    "depends_on": [],
                    "primary": {
                        "id": "rtbassoc-0bd8a7b5a144e3cb9",
                        "attributes": {
                            "id": "rtbassoc-0bd8a7b5a144e3cb9",
                            "region": "ap-south-1",
                            "route_table_id": "rtb-074719bdc524322ec",
                            "vpc_id": "vpc-040f940eeea978cf5"
                        },
                        "meta": {
                            "schema_version": 0
                        },
                        "tainted": false
                    },
                    "deposed": [],
                    "provider": "provider.aws"
                },
                "aws_main_route_table_association.tfer--vpc-0c1fc7a742a040dee": {
                    "type": "aws_main_route_table_association",
                    "depends_on": [],
                    "primary": {
                        "id": "rtbassoc-0c340990aa5840a81",
                        "attributes": {
                            "id": "rtbassoc-0c340990aa5840a81",
                            "region": "ap-south-1",
                            "route_table_id": "rtb-01e8b3eb586294a46",
                            "vpc_id": "vpc-0c1fc7a742a040dee"
                        },
                        "meta": {
                            "schema_version": 0
                        },
                        "tainted": false
                    },
                    "deposed": [],
                    "provider": "provider.aws"
                },
                "aws_main_route_table_association.tfer--vpc-0dea0bee6eb53fc42": {
                    "type": "aws_main_route_table_association",
                    "depends_on": [],
                    "primary": {
                        "id": "rtbassoc-0e1a9bb2a6ac2713f",
                        "attributes": {
                            "id": "rtbassoc-0e1a9bb2a6ac2713f",
                            "region": "ap-south-1",
                            "route_table_id": "rtb-0e8d26614e74151ff",
                            "vpc_id": "vpc-0dea0bee6eb53fc42"
                        },
                        "meta": {
                            "schema_version": 0
                        },
                        "tainted": false
                    },
                    "deposed": [],
                    "provider": "provider.aws"
                },
                "aws_route_table.tfer--rtb-01e8b3eb586294a46": {
                    "type": "aws_route_table",
                    "depends_on": [],
                    "primary": {
                        "id": "rtb-01e8b3eb586294a46",
                        "attributes": {
                            "arn": "arn:aws:ec2:ap-south-1:911167914217:route-table/rtb-01e8b3eb586294a46",
                            "id": "rtb-01e8b3eb586294a46",
                            "owner_id": "911167914217",
                            "propagating_vgws.#": "0",
                            "region": "ap-south-1",
                            "route.#": "0",
                            "tags.%": "0",
                            "tags_all.%": "0",
                            "vpc_id": "vpc-0c1fc7a742a040dee"
                        },
                        "meta": {
                            "schema_version": 0
                        },
                        "tainted": false
                    },
                    "deposed": [],
                    "provider": "provider.aws"
                },
                "aws_route_table.tfer--rtb-01edd0d60730c5a84": {
                    "type": "aws_route_table",
                    "depends_on": [],
                    "primary": {
                        "id": "rtb-01edd0d60730c5a84",
                        "attributes": {
                            "arn": "arn:aws:ec2:ap-south-1:911167914217:route-table/rtb-01edd0d60730c5a84",
                            "id": "rtb-01edd0d60730c5a84",
                            "owner_id": "911167914217",
                            "propagating_vgws.#": "0",
                            "region": "ap-south-1",
                            "route.#": "1",
                            "route.0.carrier_gateway_id": "",
                            "route.0.cidr_block": "0.0.0.0/0",
                            "route.0.core_network_arn": "",
                            "route.0.destination_prefix_list_id": "",
                            "route.0.egress_only_gateway_id": "",
                            "route.0.gateway_id": "igw-0b78226c096f831b0",
                            "route.0.ipv6_cidr_block": "",
                            "route.0.local_gateway_id": "",
                            "route.0.nat_gateway_id": "",
                            "route.0.network_interface_id": "",
                            "route.0.transit_gateway_id": "",
                            "route.0.vpc_endpoint_id": "",
                            "route.0.vpc_peering_connection_id": "",
                            "tags.%": "0",
                            "tags_all.%": "0",
                            "vpc_id": "vpc-040f940eeea978cf5"
                        },
                        "meta": {
                            "schema_version": 0
                        },
                        "tainted": false
                    },
                    "deposed": [],
                    "provider": "provider.aws"
                },
                "aws_route_table.tfer--rtb-057d05b7dcba5f953": {
                    "type": "aws_route_table",
                    "depends_on": [],
                    "primary": {
                        "id": "rtb-057d05b7dcba5f953",
                        "attributes": {
                            "arn": "arn:aws:ec2:ap-south-1:911167914217:route-table/rtb-057d05b7dcba5f953",
                            "id": "rtb-057d05b7dcba5f953",
                            "owner_id": "911167914217",
                            "propagating_vgws.#": "0",
                            "region": "ap-south-1",
                            "route.#": "1",
                            "route.0.carrier_gateway_id": "",
                            "route.0.cidr_block": "0.0.0.0/0",
                            "route.0.core_network_arn": "",
                            "route.0.destination_prefix_list_id": "",
                            "route.0.egress_only_gateway_id": "",
                            "route.0.gateway_id": "igw-0b78226c096f831b0",
                            "route.0.ipv6_cidr_block": "",
                            "route.0.local_gateway_id": "",
                            "route.0.nat_gateway_id": "",
                            "route.0.network_interface_id": "",
                            "route.0.transit_gateway_id": "",
                            "route.0.vpc_endpoint_id": "",
                            "route.0.vpc_peering_connection_id": "",
                            "tags.%": "1",
                            "tags.Name": "RT-Public",
                            "tags_all.%": "1",
                            "tags_all.Name": "RT-Public",
                            "vpc_id": "vpc-040f940eeea978cf5"
                        },
                        "meta": {
                            "schema_version": 0
                        },
                        "tainted": false
                    },
                    "deposed": [],
                    "provider": "provider.aws"
                },
                "aws_route_table.tfer--rtb-06ce98a21de384fea": {
                    "type": "aws_route_table",
                    "depends_on": [],
                    "primary": {
                        "id": "rtb-06ce98a21de384fea",
                        "attributes": {
                            "arn": "arn:aws:ec2:ap-south-1:911167914217:route-table/rtb-06ce98a21de384fea",
                            "id": "rtb-06ce98a21de384fea",
                            "owner_id": "911167914217",
                            "propagating_vgws.#": "0",
                            "region": "ap-south-1",
                            "route.#": "2",
                            "route.0.carrier_gateway_id": "",
                            "route.0.cidr_block": "0.0.0.0/0",
                            "route.0.core_network_arn": "",
                            "route.0.destination_prefix_list_id": "",
                            "route.0.egress_only_gateway_id": "",
                            "route.0.gateway_id": "",
                            "route.0.ipv6_cidr_block": "",
                            "route.0.local_gateway_id": "",
                            "route.0.nat_gateway_id": "nat-1446a39aa145b68c8",
                            "route.0.network_interface_id": "",
                            "route.0.transit_gateway_id": "",
                            "route.0.vpc_endpoint_id": "",
                            "route.0.vpc_peering_connection_id": "",
                            "route.1.carrier_gateway_id": "",
                            "route.1.cidr_block": "10.0.0.0/16",
                            "route.1.core_network_arn": "",
                            "route.1.destination_prefix_list_id": "",
                            "route.1.egress_only_gateway_id": "",
                            "route.1.gateway_id": "",
                            "route.1.ipv6_cidr_block": "",
                            "route.1.local_gateway_id": "",
                            "route.1.nat_gateway_id": "",
                            "route.1.network_interface_id": "",
                            "route.1.transit_gateway_id": "tgw-0b232d02ab2af1a16",
                            "route.1.vpc_endpoint_id": "",
                            "route.1.vpc_peering_connection_id": "",
                            "tags.%": "1",
                            "tags.Name": "RT-NGW",
                            "tags_all.%": "1",
                            "tags_all.Name": "RT-NGW",
                            "vpc_id": "vpc-040f940eeea978cf5"
                        },
                        "meta": {
                            "schema_version": 0
                        },
                        "tainted": false
                    },
                    "deposed": [],
                    "provider": "provider.aws"
                },
                "aws_route_table.tfer--rtb-074719bdc524322ec": {
                    "type": "aws_route_table",
                    "depends_on": [],
                    "primary": {
                        "id": "rtb-074719bdc524322ec",
                        "attributes": {
                            "arn": "arn:aws:ec2:ap-south-1:911167914217:route-table/rtb-074719bdc524322ec",
                            "id": "rtb-074719bdc524322ec",
                            "owner_id": "911167914217",
                            "propagating_vgws.#": "0",
                            "region": "ap-south-1",
                            "route.#": "0",
                            "tags.%": "0",
                            "tags_all.%": "0",
                            "vpc_id": "vpc-040f940eeea978cf5"
                        },
                        "meta": {
                            "schema_version": 0
                        },
                        "tainted": false
                    },
                    "deposed": [],
                    "provider": "provider.aws"
                },
                "aws_route_table.tfer--rtb-098caedbcb88f18fe": {
                    "type": "aws_route_table",
                    "depends_on": [],
                    "primary": {
                        "id": "rtb-098caedbcb88f18fe",
                        "attributes": {
                            "arn": "arn:aws:ec2:ap-south-1:911167914217:route-table/rtb-098caedbcb88f18fe",
                            "id": "rtb-098caedbcb88f18fe",
                            "owner_id": "911167914217",
                            "propagating_vgws.#": "0",
                            "region": "ap-south-1",
                            "route.#": "2",
                            "route.0.carrier_gateway_id": "",
                            "route.0.cidr_block": "0.0.0.0/0",
                            "route.0.core_network_arn": "",
                            "route.0.destination_prefix_list_id": "",
                            "route.0.egress_only_gateway_id": "",
                            "route.0.gateway_id": "",
                            "route.0.ipv6_cidr_block": "",
                            "route.0.local_gateway_id": "",
                            "route.0.nat_gateway_id": "nat-1446a39aa145b68c8",
                            "route.0.network_interface_id": "",
                            "route.0.transit_gateway_id": "",
                            "route.0.vpc_endpoint_id": "",
                            "route.0.vpc_peering_connection_id": "",
                            "route.1.carrier_gateway_id": "",
                            "route.1.cidr_block": "10.0.0.0/16",
                            "route.1.core_network_arn": "",
                            "route.1.destination_prefix_list_id": "",
                            "route.1.egress_only_gateway_id": "",
                            "route.1.gateway_id": "",
                            "route.1.ipv6_cidr_block": "",
                            "route.1.local_gateway_id": "",
                            "route.1.nat_gateway_id": "",
                            "route.1.network_interface_id": "",
                            "route.1.transit_gateway_id": "tgw-0b232d02ab2af1a16",
                            "route.1.vpc_endpoint_id": "",
                            "route.1.vpc_peering_connection_id": "",
                            "tags.%": "1",
                            "tags.Name": "RT-DB",
                            "tags_all.%": "1",
                            "tags_all.Name": "RT-DB",
                            "vpc_id": "vpc-040f940eeea978cf5"
                        },
                        "meta": {
                            "schema_version": 0
                        },
                        "tainted": false
                    },
                    "deposed": [],
                    "provider": "provider.aws"
                },
                "aws_route_table.tfer--rtb-0d56a9549268d5dc6": {
                    "type": "aws_route_table",
                    "depends_on": [],
                    "primary": {
                        "id": "rtb-0d56a9549268d5dc6",
                        "attributes": {
                            "arn": "arn:aws:ec2:ap-south-1:911167914217:route-table/rtb-0d56a9549268d5dc6",
                            "id": "rtb-0d56a9549268d5dc6",
                            "owner_id": "911167914217",
                            "propagating_vgws.#": "0",
                            "region": "ap-south-1",
                            "route.#": "2",
                            "route.0.carrier_gateway_id": "",
                            "route.0.cidr_block": "0.0.0.0/0",
                            "route.0.core_network_arn": "",
                            "route.0.destination_prefix_list_id": "",
                            "route.0.egress_only_gateway_id": "",
                            "route.0.gateway_id": "igw-016df6863f9a88eba",
                            "route.0.ipv6_cidr_block": "",
                            "route.0.local_gateway_id": "",
                            "route.0.nat_gateway_id": "",
                            "route.0.network_interface_id": "",
                            "route.0.transit_gateway_id": "",
                            "route.0.vpc_endpoint_id": "",
                            "route.0.vpc_peering_connection_id": "",
                            "route.1.carrier_gateway_id": "",
                            "route.1.cidr_block": "172.32.0.0/16",
                            "route.1.core_network_arn": "",
                            "route.1.destination_prefix_list_id": "",
                            "route.1.egress_only_gateway_id": "",
                            "route.1.gateway_id": "",
                            "route.1.ipv6_cidr_block": "",
                            "route.1.local_gateway_id": "",
                            "route.1.nat_gateway_id": "",
                            "route.1.network_interface_id": "",
                            "route.1.transit_gateway_id": "tgw-0b232d02ab2af1a16",
                            "route.1.vpc_endpoint_id": "",
                            "route.1.vpc_peering_connection_id": "",
                            "tags.%": "1",
                            "tags.Name": "RT-Bastion",
                            "tags_all.%": "1",
                            "tags_all.Name": "RT-Bastion",
                            "vpc_id": "vpc-0c1fc7a742a040dee"
                        },
                        "meta": {
                            "schema_version": 0
                        },
                        "tainted": false
                    },
                    "deposed": [],
                    "provider": "provider.aws"
                },
                "aws_route_table.tfer--rtb-0e8d26614e74151ff": {
                    "type": "aws_route_table",
                    "depends_on": [],
                    "primary": {
                        "id": "rtb-0e8d26614e74151ff",
                        "attributes": {
                            "arn": "arn:aws:ec2:ap-south-1:911167914217:route-table/rtb-0e8d26614e74151ff",
                            "id": "rtb-0e8d26614e74151ff",
                            "owner_id": "911167914217",
                            "propagating_vgws.#": "0",
                            "region": "ap-south-1",
                            "route.#": "1",
                            "route.0.carrier_gateway_id": "",
                            "route.0.cidr_block": "0.0.0.0/0",
                            "route.0.core_network_arn": "",
                            "route.0.destination_prefix_list_id": "",
                            "route.0.egress_only_gateway_id": "",
                            "route.0.gateway_id": "igw-0b521a0fb544c7de2",
                            "route.0.ipv6_cidr_block": "",
                            "route.0.local_gateway_id": "",
                            "route.0.nat_gateway_id": "",
                            "route.0.network_interface_id": "",
                            "route.0.transit_gateway_id": "",
                            "route.0.vpc_endpoint_id": "",
                            "route.0.vpc_peering_connection_id": "",
                            "tags.%": "0",
                            "tags_all.%": "0",
                            "vpc_id": "vpc-0dea0bee6eb53fc42"
                        },
                        "meta": {
                            "schema_version": 0
                        },
                        "tainted": false
                    },
                    "deposed": [],
                    "provider": "provider.aws"
                },
                "aws_route_table_association.tfer--nat-1446a39aa145b68c8": {
                    "type": "aws_route_table_association",
                    "depends_on": [],
                    "primary": {
                        "id": "rtbassoc-0dafb1587f0bf48ed",
                        "attributes": {
                            "gateway_id": "nat-1446a39aa145b68c8",
                            "id": "rtbassoc-0dafb1587f0bf48ed",
                            "region": "ap-south-1",
                            "route_table_id": "rtb-01edd0d60730c5a84",
                            "subnet_id": ""
                        },
                        "meta": {
                            "schema_version": 0
                        },
                        "tainted": false
                    },
                    "deposed": [],
                    "provider": "provider.aws"
                },
                "aws_route_table_association.tfer--subnet-029ceac41f59c6587": {
                    "type": "aws_route_table_association",
                    "depends_on": [],
                    "primary": {
                        "id": "rtbassoc-0651c660373c53f44",
                        "attributes": {
                            "gateway_id": "",
                            "id": "rtbassoc-0651c660373c53f44",
                            "region": "ap-south-1",
                            "route_table_id": "rtb-098caedbcb88f18fe",
                            "subnet_id": "subnet-029ceac41f59c6587"
                        },
                        "meta": {
                            "schema_version": 0
                        },
                        "tainted": false
                    },
                    "deposed": [],
                    "provider": "provider.aws"
                },
                "aws_route_table_association.tfer--subnet-045142dc209ca5656": {
                    "type": "aws_route_table_association",
                    "depends_on": [],
                    "primary": {
                        "id": "rtbassoc-00a9a12df909de37e",
                        "attributes": {
                            "gateway_id": "",
                            "id": "rtbassoc-00a9a12df909de37e",
                            "region": "ap-south-1",
                            "route_table_id": "rtb-06ce98a21de384fea",
                            "subnet_id": "subnet-045142dc209ca5656"
                        },
                        "meta": {
                            "schema_version": 0
                        },
                        "tainted": false
                    },
                    "deposed": [],
                    "provider": "provider.aws"
                },
                "aws_route_table_association.tfer--subnet-06d95c7cb8bfbf7c8": {
                    "type": "aws_route_table_association",
                    "depends_on": [],
                    "primary": {
                        "id": "rtbassoc-0f3e683485ebd192d",
                        "attributes": {
                            "gateway_id": "",
                            "id": "rtbassoc-0f3e683485ebd192d",
                            "region": "ap-south-1",
                            "route_table_id": "rtb-057d05b7dcba5f953",
                            "subnet_id": "subnet-06d95c7cb8bfbf7c8"
                        },
                        "meta": {
                            "schema_version": 0
                        },
                        "tainted": false
                    },
                    "deposed": [],
                    "provider": "provider.aws"
                },
                "aws_route_table_association.tfer--subnet-0ad6b66902b1c27df": {
                    "type": "aws_route_table_association",
                    "depends_on": [],
                    "primary": {
                        "id": "rtbassoc-0356bbcfdc65c01d3",
                        "attributes": {
                            "gateway_id": "",
                            "id": "rtbassoc-0356bbcfdc65c01d3",
                            "region": "ap-south-1",
                            "route_table_id": "rtb-0d56a9549268d5dc6",
                            "subnet_id": "subnet-0ad6b66902b1c27df"
                        },
                        "meta": {
                            "schema_version": 0
                        },
                        "tainted": false
                    },
                    "deposed": [],
                    "provider": "provider.aws"
                },
                "aws_route_table_association.tfer--subnet-0f4f1bc3197896124": {
                    "type": "aws_route_table_association",
                    "depends_on": [],
                    "primary": {
                        "id": "rtbassoc-0a7977fd96094d93c",
                        "attributes": {
                            "gateway_id": "",
                            "id": "rtbassoc-0a7977fd96094d93c",
                            "region": "ap-south-1",
                            "route_table_id": "rtb-06ce98a21de384fea",
                            "subnet_id": "subnet-0f4f1bc3197896124"
                        },
                        "meta": {
                            "schema_version": 0
                        },
                        "tainted": false
                    },
                    "deposed": [],
                    "provider": "provider.aws"
                }
            },
            "depends_on": []
        }
    ]
}
