{
    "version": 3,
    "terraform_version": "0.12.31",
    "serial": 1,
    "lineage": "7c0e4806-3f05-d7dd-9991-aa673094b8c0",
    "modules": [
        {
            "path": [
                "root"
            ],
            "outputs": {
                "aws_vpc_tfer--vpc-040f940eeea978cf5_id": {
                    "sensitive": false,
                    "type": "string",
                    "value": "vpc-040f940eeea978cf5"
                },
                "aws_vpc_tfer--vpc-0c1fc7a742a040dee_id": {
                    "sensitive": false,
                    "type": "string",
                    "value": "vpc-0c1fc7a742a040dee"
                },
                "aws_vpc_tfer--vpc-0dea0bee6eb53fc42_id": {
                    "sensitive": false,
                    "type": "string",
                    "value": "vpc-0dea0bee6eb53fc42"
                }
            },
            "resources": {
                "aws_vpc.tfer--vpc-040f940eeea978cf5": {
                    "type": "aws_vpc",
                    "depends_on": [],
                    "primary": {
                        "id": "vpc-040f940eeea978cf5",
                        "attributes": {
                            "arn": "arn:aws:ec2:ap-south-1:911167914217:vpc/vpc-040f940eeea978cf5",
                            "assign_generated_ipv6_cidr_block": "false",
                            "cidr_block": "172.32.0.0/16",
                            "default_network_acl_id": "acl-020a3120e7c3bb38b",
                            "default_route_table_id": "rtb-074719bdc524322ec",
                            "default_security_group_id": "sg-0ee1ff53978e8f8bc",
                            "dhcp_options_id": "dopt-05e35f076fd73780d",
                            "enable_dns_hostnames": "false",
                            "enable_dns_support": "true",
                            "enable_network_address_usage_metrics": "false",
                            "id": "vpc-040f940eeea978cf5",
                            "instance_tenancy": "default",
                            "ipv6_association_id": "",
                            "ipv6_cidr_block": "",
                            "ipv6_cidr_block_network_border_group": "",
                            "ipv6_ipam_pool_id": "",
                            "ipv6_netmask_length": "0",
                            "main_route_table_id": "rtb-074719bdc524322ec",
                            "owner_id": "911167914217",
                            "region": "ap-south-1",
                            "tags.%": "1",
                            "tags.Name": "VPC-APP",
                            "tags_all.%": "1",
                            "tags_all.Name": "VPC-APP"
                        },
                        "meta": {
                            "schema_version": 1
                        },
                        "tainted": false
                    },
                    "deposed": [],
                    "provider": "provider.aws"
                },
                "aws_vpc.tfer--vpc-0c1fc7a742a040dee": {
                    "type": "aws_vpc",
                    "depends_on": [],
                    "primary": {
                        "id": "vpc-0c1fc7a742a040dee",
                        "attributes": {
                            "arn": "arn:aws:ec2:ap-south-1:911167914217:vpc/vpc-0c1fc7a742a040dee",
                            "assign_generated_ipv6_cidr_block": "false",
                            "cidr_block": "10.0.0.0/16",
                            "default_network_acl_id": "acl-0c1fca83fbe5ed8ec",
                            "default_route_table_id": "rtb-01e8b3eb586294a46",
                            "default_security_group_id": "sg-02b7d5bb9188c2f4b",
                            "dhcp_options_id": "dopt-05e35f076fd73780d",
                            "enable_dns_hostnames": "false",
                            "enable_dns_support": "true",
                            "enable_network_address_usage_metrics": "false",
                            "id": "vpc-0c1fc7a742a040dee",
                            "instance_tenancy": "default",
                            "ipv6_association_id": "",
                            "ipv6_cidr_block": "",
                            "ipv6_cidr_block_network_border_group": "",
                            "ipv6_ipam_pool_id": "",
                            "ipv6_netmask_length": "0",
                            "main_route_table_id": "rtb-01e8b3eb586294a46",
                            "owner_id": "911167914217",
                            "region": "ap-south-1",
                            "tags.%": "1",
                            "tags.Name": "VPC-1",
                            "tags_all.%": "1",
                            "tags_all.Name": "VPC-1"
                        },
                        "meta": {
                            "schema_version": 1
                        },
                        "tainted": false
                    },
                    "deposed": [],
                    "provider": "provider.aws"
                },
                "aws_vpc.tfer--vpc-0dea0bee6eb53fc42": {
                    "type": "aws_vpc",
                    "depends_on": [],
                    "primary": {
                        "id": "vpc-0dea0bee6eb53fc42",
                        "attributes": {
                            "arn": "arn:aws:ec2:ap-south-1:911167914217:vpc/vpc-0dea0bee6eb53fc42",
                            "assign_generated_ipv6_cidr_block": "false",
                            "cidr_block": "172.31.0.0/16",
                            "default_network_acl_id": "acl-0faa7c232f3e569f9",
                            "default_route_table_id": "rtb-0e8d26614e74151ff",
                            "default_security_group_id": "sg-0a285b9cfd251165b",
                            "dhcp_options_id": "dopt-05e35f076fd73780d",
                            "enable_dns_hostnames": "true",
                            "enable_dns_support": "true",
                            "enable_network_address_usage_metrics": "false",
                            "id": "vpc-0dea0bee6eb53fc42",
                            "instance_tenancy": "default",
                            "ipv6_association_id": "",
                            "ipv6_cidr_block": "",
                            "ipv6_cidr_block_network_border_group": "",
                            "ipv6_ipam_pool_id": "",
                            "ipv6_netmask_length": "0",
                            "main_route_table_id": "rtb-0e8d26614e74151ff",
                            "owner_id": "911167914217",
                            "region": "ap-south-1",
                            "tags.%": "0",
                            "tags_all.%": "0"
                        },
                        "meta": {
                            "schema_version": 1
                        },
                        "tainted": false
                    },
                    "deposed": [],
                    "provider": "provider.aws"
                }
            },
            "depends_on": []
        }
    ]
}
