{
    "version": 3,
    "terraform_version": "0.12.31",
    "serial": 1,
    "lineage": "d745c2c8-f2b2-d102-4bcc-995ee7651549",
    "modules": [
        {
            "path": [
                "root"
            ],
            "outputs": {
                "aws_subnet_tfer--subnet-0040a22e99866c0ba_id": {
                    "sensitive": false,
                    "type": "string",
                    "value": "subnet-0040a22e99866c0ba"
                },
                "aws_subnet_tfer--subnet-00f5f3969e681f05c_id": {
                    "sensitive": false,
                    "type": "string",
                    "value": "subnet-00f5f3969e681f05c"
                },
                "aws_subnet_tfer--subnet-0244d91612986b6c4_id": {
                    "sensitive": false,
                    "type": "string",
                    "value": "subnet-0244d91612986b6c4"
                },
                "aws_subnet_tfer--subnet-029ceac41f59c6587_id": {
                    "sensitive": false,
                    "type": "string",
                    "value": "subnet-029ceac41f59c6587"
                },
                "aws_subnet_tfer--subnet-045142dc209ca5656_id": {
                    "sensitive": false,
                    "type": "string",
                    "value": "subnet-045142dc209ca5656"
                },
                "aws_subnet_tfer--subnet-06d95c7cb8bfbf7c8_id": {
                    "sensitive": false,
                    "type": "string",
                    "value": "subnet-06d95c7cb8bfbf7c8"
                },
                "aws_subnet_tfer--subnet-0a3745759c15b96d4_id": {
                    "sensitive": false,
                    "type": "string",
                    "value": "subnet-0a3745759c15b96d4"
                },
                "aws_subnet_tfer--subnet-0ad6b66902b1c27df_id": {
                    "sensitive": false,
                    "type": "string",
                    "value": "subnet-0ad6b66902b1c27df"
                },
                "aws_subnet_tfer--subnet-0f4f1bc3197896124_id": {
                    "sensitive": false,
                    "type": "string",
                    "value": "subnet-0f4f1bc3197896124"
                }
            },
            "resources": {
                "aws_subnet.tfer--subnet-0040a22e99866c0ba": {
                    "type": "aws_subnet",
                    "depends_on": [],
                    "primary": {
                        "id": "subnet-0040a22e99866c0ba",
                        "attributes": {
                            "arn": "arn:aws:ec2:ap-south-1:911167914217:subnet/subnet-0040a22e99866c0ba",
                            "assign_ipv6_address_on_creation": "false",
                            "availability_zone": "ap-south-1b",
                            "availability_zone_id": "aps1-az3",
                            "cidr_block": "172.31.0.0/20",
                            "customer_owned_ipv4_pool": "",
                            "enable_dns64": "false",
                            "enable_lni_at_device_index": "0",
                            "enable_resource_name_dns_a_record_on_launch": "false",
                            "enable_resource_name_dns_aaaa_record_on_launch": "false",
                            "id": "subnet-0040a22e99866c0ba",
                            "ipv6_cidr_block": "",
                            "ipv6_cidr_block_association_id": "",
                            "ipv6_native": "false",
                            "map_customer_owned_ip_on_launch": "false",
                            "map_public_ip_on_launch": "true",
                            "outpost_arn": "",
                            "owner_id": "911167914217",
                            "private_dns_hostname_type_on_launch": "ip-name",
                            "region": "ap-south-1",
                            "tags.%": "0",
                            "tags_all.%": "0",
                            "vpc_id": "vpc-0dea0bee6eb53fc42"
                        },
                        "meta": {
                            "schema_version": 1
                        },
                        "tainted": false
                    },
                    "deposed": [],
                    "provider": "provider.aws"
                },
                "aws_subnet.tfer--subnet-00f5f3969e681f05c": {
                    "type": "aws_subnet",
                    "depends_on": [],
                    "primary": {
                        "id": "subnet-00f5f3969e681f05c",
                        "attributes": {
                            "arn": "arn:aws:ec2:ap-south-1:911167914217:subnet/subnet-00f5f3969e681f05c",
                            "assign_ipv6_address_on_creation": "false",
                            "availability_zone": "ap-south-1a",
                            "availability_zone_id": "aps1-az1",
                            "cidr_block": "172.31.32.0/20",
                            "customer_owned_ipv4_pool": "",
                            "enable_dns64": "false",
                            "enable_lni_at_device_index": "0",
                            "enable_resource_name_dns_a_record_on_launch": "false",
                            "enable_resource_name_dns_aaaa_record_on_launch": "false",
                            "id": "subnet-00f5f3969e681f05c",
                            "ipv6_cidr_block": "",
                            "ipv6_cidr_block_association_id": "",
                            "ipv6_native": "false",
                            "map_customer_owned_ip_on_launch": "false",
                            "map_public_ip_on_launch": "true",
                            "outpost_arn": "",
                            "owner_id": "911167914217",
                            "private_dns_hostname_type_on_launch": "ip-name",
                            "region": "ap-south-1",
                            "tags.%": "0",
                            "tags_all.%": "0",
                            "vpc_id": "vpc-0dea0bee6eb53fc42"
                        },
                        "meta": {
                            "schema_version": 1
                        },
                        "tainted": false
                    },
                    "deposed": [],
                    "provider": "provider.aws"
                },
                "aws_subnet.tfer--subnet-0244d91612986b6c4": {
                    "type": "aws_subnet",
                    "depends_on": [],
                    "primary": {
                        "id": "subnet-0244d91612986b6c4",
                        "attributes": {
                            "arn": "arn:aws:ec2:ap-south-1:911167914217:subnet/subnet-0244d91612986b6c4",
                            "assign_ipv6_address_on_creation": "false",
                            "availability_zone": "ap-south-1a",
                            "availability_zone_id": "aps1-az1",
                            "cidr_block": "172.32.8.0/24",
                            "customer_owned_ipv4_pool": "",
                            "enable_dns64": "false",
                            "enable_lni_at_device_index": "0",
                            "enable_resource_name_dns_a_record_on_launch": "false",
                            "enable_resource_name_dns_aaaa_record_on_launch": "false",
                            "id": "subnet-0244d91612986b6c4",
                            "ipv6_cidr_block": "",
                            "ipv6_cidr_block_association_id": "",
                            "ipv6_native": "false",
                            "map_customer_owned_ip_on_launch": "false",
                            "map_public_ip_on_launch": "false",
                            "outpost_arn": "",
                            "owner_id": "911167914217",
                            "private_dns_hostname_type_on_launch": "ip-name",
                            "region": "ap-south-1",
                            "tags.%": "1",
                            "tags.Name": "prviate2",
                            "tags_all.%": "1",
                            "tags_all.Name": "prviate2",
                            "vpc_id": "vpc-040f940eeea978cf5"
                        },
                        "meta": {
                            "schema_version": 1
                        },
                        "tainted": false
                    },
                    "deposed": [],
                    "provider": "provider.aws"
                },
                "aws_subnet.tfer--subnet-029ceac41f59c6587": {
                    "type": "aws_subnet",
                    "depends_on": [],
                    "primary": {
                        "id": "subnet-029ceac41f59c6587",
                        "attributes": {
                            "arn": "arn:aws:ec2:ap-south-1:911167914217:subnet/subnet-029ceac41f59c6587",
                            "assign_ipv6_address_on_creation": "false",
                            "availability_zone": "ap-south-1b",
                            "availability_zone_id": "aps1-az3",
                            "cidr_block": "172.32.3.0/24",
                            "customer_owned_ipv4_pool": "",
                            "enable_dns64": "false",
                            "enable_lni_at_device_index": "0",
                            "enable_resource_name_dns_a_record_on_launch": "false",
                            "enable_resource_name_dns_aaaa_record_on_launch": "false",
                            "id": "subnet-029ceac41f59c6587",
                            "ipv6_cidr_block": "",
                            "ipv6_cidr_block_association_id": "",
                            "ipv6_native": "false",
                            "map_customer_owned_ip_on_launch": "false",
                            "map_public_ip_on_launch": "false",
                            "outpost_arn": "",
                            "owner_id": "911167914217",
                            "private_dns_hostname_type_on_launch": "ip-name",
                            "region": "ap-south-1",
                            "tags.%": "1",
                            "tags.Name": "Subnet-DB",
                            "tags_all.%": "1",
                            "tags_all.Name": "Subnet-DB",
                            "vpc_id": "vpc-040f940eeea978cf5"
                        },
                        "meta": {
                            "schema_version": 1
                        },
                        "tainted": false
                    },
                    "deposed": [],
                    "provider": "provider.aws"
                },
                "aws_subnet.tfer--subnet-045142dc209ca5656": {
                    "type": "aws_subnet",
                    "depends_on": [],
                    "primary": {
                        "id": "subnet-045142dc209ca5656",
                        "attributes": {
                            "arn": "arn:aws:ec2:ap-south-1:911167914217:subnet/subnet-045142dc209ca5656",
                            "assign_ipv6_address_on_creation": "false",
                            "availability_zone": "ap-south-1b",
                            "availability_zone_id": "aps1-az3",
                            "cidr_block": "172.32.10.0/24",
                            "customer_owned_ipv4_pool": "",
                            "enable_dns64": "false",
                            "enable_lni_at_device_index": "0",
                            "enable_resource_name_dns_a_record_on_launch": "false",
                            "enable_resource_name_dns_aaaa_record_on_launch": "false",
                            "id": "subnet-045142dc209ca5656",
                            "ipv6_cidr_block": "",
                            "ipv6_cidr_block_association_id": "",
                            "ipv6_native": "false",
                            "map_customer_owned_ip_on_launch": "false",
                            "map_public_ip_on_launch": "false",
                            "outpost_arn": "",
                            "owner_id": "911167914217",
                            "private_dns_hostname_type_on_launch": "ip-name",
                            "region": "ap-south-1",
                            "tags.%": "1",
                            "tags.Name": "Subnet-Backend",
                            "tags_all.%": "1",
                            "tags_all.Name": "Subnet-Backend",
                            "vpc_id": "vpc-040f940eeea978cf5"
                        },
                        "meta": {
                            "schema_version": 1
                        },
                        "tainted": false
                    },
                    "deposed": [],
                    "provider": "provider.aws"
                },
                "aws_subnet.tfer--subnet-06d95c7cb8bfbf7c8": {
                    "type": "aws_subnet",
                    "depends_on": [],
                    "primary": {
                        "id": "subnet-06d95c7cb8bfbf7c8",
                        "attributes": {
                            "arn": "arn:aws:ec2:ap-south-1:911167914217:subnet/subnet-06d95c7cb8bfbf7c8",
                            "assign_ipv6_address_on_creation": "false",
                            "availability_zone": "ap-south-1b",
                            "availability_zone_id": "aps1-az3",
                            "cidr_block": "172.32.1.0/24",
                            "customer_owned_ipv4_pool": "",
                            "enable_dns64": "false",
                            "enable_lni_at_device_index": "0",
                            "enable_resource_name_dns_a_record_on_launch": "false",
                            "enable_resource_name_dns_aaaa_record_on_launch": "false",
                            "id": "subnet-06d95c7cb8bfbf7c8",
                            "ipv6_cidr_block": "",
                            "ipv6_cidr_block_association_id": "",
                            "ipv6_native": "false",
                            "map_customer_owned_ip_on_launch": "false",
                            "map_public_ip_on_launch": "false",
                            "outpost_arn": "",
                            "owner_id": "911167914217",
                            "private_dns_hostname_type_on_launch": "ip-name",
                            "region": "ap-south-1",
                            "tags.%": "1",
                            "tags.Name": "Public-Subnet1",
                            "tags_all.%": "1",
                            "tags_all.Name": "Public-Subnet1",
                            "vpc_id": "vpc-040f940eeea978cf5"
                        },
                        "meta": {
                            "schema_version": 1
                        },
                        "tainted": false
                    },
                    "deposed": [],
                    "provider": "provider.aws"
                },
                "aws_subnet.tfer--subnet-0a3745759c15b96d4": {
                    "type": "aws_subnet",
                    "depends_on": [],
                    "primary": {
                        "id": "subnet-0a3745759c15b96d4",
                        "attributes": {
                            "arn": "arn:aws:ec2:ap-south-1:911167914217:subnet/subnet-0a3745759c15b96d4",
                            "assign_ipv6_address_on_creation": "false",
                            "availability_zone": "ap-south-1c",
                            "availability_zone_id": "aps1-az2",
                            "cidr_block": "172.31.16.0/20",
                            "customer_owned_ipv4_pool": "",
                            "enable_dns64": "false",
                            "enable_lni_at_device_index": "0",
                            "enable_resource_name_dns_a_record_on_launch": "false",
                            "enable_resource_name_dns_aaaa_record_on_launch": "false",
                            "id": "subnet-0a3745759c15b96d4",
                            "ipv6_cidr_block": "",
                            "ipv6_cidr_block_association_id": "",
                            "ipv6_native": "false",
                            "map_customer_owned_ip_on_launch": "false",
                            "map_public_ip_on_launch": "true",
                            "outpost_arn": "",
                            "owner_id": "911167914217",
                            "private_dns_hostname_type_on_launch": "ip-name",
                            "region": "ap-south-1",
                            "tags.%": "0",
                            "tags_all.%": "0",
                            "vpc_id": "vpc-0dea0bee6eb53fc42"
                        },
                        "meta": {
                            "schema_version": 1
                        },
                        "tainted": false
                    },
                    "deposed": [],
                    "provider": "provider.aws"
                },
                "aws_subnet.tfer--subnet-0ad6b66902b1c27df": {
                    "type": "aws_subnet",
                    "depends_on": [],
                    "primary": {
                        "id": "subnet-0ad6b66902b1c27df",
                        "attributes": {
                            "arn": "arn:aws:ec2:ap-south-1:911167914217:subnet/subnet-0ad6b66902b1c27df",
                            "assign_ipv6_address_on_creation": "false",
                            "availability_zone": "ap-south-1b",
                            "availability_zone_id": "aps1-az3",
                            "cidr_block": "10.0.1.0/24",
                            "customer_owned_ipv4_pool": "",
                            "enable_dns64": "false",
                            "enable_lni_at_device_index": "0",
                            "enable_resource_name_dns_a_record_on_launch": "false",
                            "enable_resource_name_dns_aaaa_record_on_launch": "false",
                            "id": "subnet-0ad6b66902b1c27df",
                            "ipv6_cidr_block": "",
                            "ipv6_cidr_block_association_id": "",
                            "ipv6_native": "false",
                            "map_customer_owned_ip_on_launch": "false",
                            "map_public_ip_on_launch": "false",
                            "outpost_arn": "",
                            "owner_id": "911167914217",
                            "private_dns_hostname_type_on_launch": "ip-name",
                            "region": "ap-south-1",
                            "tags.%": "1",
                            "tags.Name": "Subnet-Bastion",
                            "tags_all.%": "1",
                            "tags_all.Name": "Subnet-Bastion",
                            "vpc_id": "vpc-0c1fc7a742a040dee"
                        },
                        "meta": {
                            "schema_version": 1
                        },
                        "tainted": false
                    },
                    "deposed": [],
                    "provider": "provider.aws"
                },
                "aws_subnet.tfer--subnet-0f4f1bc3197896124": {
                    "type": "aws_subnet",
                    "depends_on": [],
                    "primary": {
                        "id": "subnet-0f4f1bc3197896124",
                        "attributes": {
                            "arn": "arn:aws:ec2:ap-south-1:911167914217:subnet/subnet-0f4f1bc3197896124",
                            "assign_ipv6_address_on_creation": "false",
                            "availability_zone": "ap-south-1b",
                            "availability_zone_id": "aps1-az3",
                            "cidr_block": "172.32.2.0/24",
                            "customer_owned_ipv4_pool": "",
                            "enable_dns64": "false",
                            "enable_lni_at_device_index": "0",
                            "enable_resource_name_dns_a_record_on_launch": "false",
                            "enable_resource_name_dns_aaaa_record_on_launch": "false",
                            "id": "subnet-0f4f1bc3197896124",
                            "ipv6_cidr_block": "",
                            "ipv6_cidr_block_association_id": "",
                            "ipv6_native": "false",
                            "map_customer_owned_ip_on_launch": "false",
                            "map_public_ip_on_launch": "false",
                            "outpost_arn": "",
                            "owner_id": "911167914217",
                            "private_dns_hostname_type_on_launch": "ip-name",
                            "region": "ap-south-1",
                            "tags.%": "1",
                            "tags.Name": "Subnet-Frontend",
                            "tags_all.%": "1",
                            "tags_all.Name": "Subnet-Frontend",
                            "vpc_id": "vpc-040f940eeea978cf5"
                        },
                        "meta": {
                            "schema_version": 1
                        },
                        "tainted": false
                    },
                    "deposed": [],
                    "provider": "provider.aws"
                }
            },
            "depends_on": []
        }
    ]
}
