{
    "version": 3,
    "terraform_version": "0.12.31",
    "serial": 1,
    "lineage": "235aaab5-680d-7c1b-4de7-0922f2680dac",
    "modules": [
        {
            "path": [
                "root"
            ],
            "outputs": {
                "aws_nat_gateway_tfer--nat-1446a39aa145b68c8_id": {
                    "sensitive": false,
                    "type": "string",
                    "value": "nat-1446a39aa145b68c8"
                }
            },
            "resources": {
                "aws_nat_gateway.tfer--nat-1446a39aa145b68c8": {
                    "type": "aws_nat_gateway",
                    "depends_on": [],
                    "primary": {
                        "id": "nat-1446a39aa145b68c8",
                        "attributes": {
                            "auto_provision_zones": "enabled",
                            "auto_scaling_ips": "enabled",
                            "availability_mode": "regional",
                            "availability_zone_address.#": "0",
                            "connectivity_type": "public",
                            "id": "nat-1446a39aa145b68c8",
                            "region": "ap-south-1",
                            "regional_nat_gateway_address.#": "2",
                            "regional_nat_gateway_address.0.allocation_id": "eipalloc-041a7aeeb6381e14c",
                            "regional_nat_gateway_address.0.association_id": "eipassoc-070a268414663bb5e",
                            "regional_nat_gateway_address.0.availability_zone": "ap-south-1a",
                            "regional_nat_gateway_address.0.availability_zone_id": "aps1-az1",
                            "regional_nat_gateway_address.0.network_interface_id": "",
                            "regional_nat_gateway_address.0.public_ip": "35.154.2.151",
                            "regional_nat_gateway_address.0.status": "succeeded",
                            "regional_nat_gateway_address.1.allocation_id": "eipalloc-067ee4ed682a95684",
                            "regional_nat_gateway_address.1.association_id": "eipassoc-066139db188a915bc",
                            "regional_nat_gateway_address.1.availability_zone": "ap-south-1b",
                            "regional_nat_gateway_address.1.availability_zone_id": "aps1-az3",
                            "regional_nat_gateway_address.1.network_interface_id": "",
                            "regional_nat_gateway_address.1.public_ip": "13.205.169.76",
                            "regional_nat_gateway_address.1.status": "succeeded",
                            "regional_nat_gateway_auto_mode": "enabled",
                            "route_table_id": "rtb-01edd0d60730c5a84",
                            "tags.%": "1",
                            "tags.Name": "NGW-APP",
                            "tags_all.%": "1",
                            "tags_all.Name": "NGW-APP",
                            "vpc_id": "vpc-040f940eeea978cf5"
                        },
                        "meta": {
                            "schema_version": 0
                        },
                        "tainted": false
                    },
                    "deposed": [],
                    "provider": "provider.aws"
                }
            },
            "depends_on": []
        }
    ]
}
